// !$*UTF8*$!
{
	archiveVersion = 1;
	classes = {
	};
	objectVersion = 46;
	objects = {

/* Begin PBXBuildFile section */
		2812BEC01BA29BFD0050DDA7 /* Hub.h in Headers */ = {isa = PBXBuildFile; fileRef = 2812BEBF1BA29BFD0050DDA7 /* Hub.h */; };
		2812BEC21BA29BFD0050DDA7 /* Hub.m in Sources */ = {isa = PBXBuildFile; fileRef = 2812BEC11BA29BFD0050DDA7 /* Hub.m */; };
		2812BEC41BA29BFD0050DDA7 /* Hub.tiff in Resources */ = {isa = PBXBuildFile; fileRef = 2812BEC31BA29BFD0050DDA7 /* Hub.tiff */; };
		2812BEC71BA29BFD0050DDA7 /* Hub.xib in Resources */ = {isa = PBXBuildFile; fileRef = 2812BEC51BA29BFD0050DDA7 /* Hub.xib */; };
		2812BEDF1BA29CA30050DDA7 /* HubUITests.m in Sources */ = {isa = PBXBuildFile; fileRef = 2812BEDE1BA29CA30050DDA7 /* HubUITests.m */; };
		2812BEEC1BA29D390050DDA7 /* HubTests.m in Sources */ = {isa = PBXBuildFile; fileRef = 2812BEEB1BA29D390050DDA7 /* HubTests.m */; };
		282C5F3F1BA37B38005C137F /* DeviceList.cpp in Sources */ = {isa = PBXBuildFile; fileRef = 285DE2051BA2471400752B93 /* DeviceList.cpp */; };
		282C5F401BA37B4D005C137F /* CAObject.cpp in Sources */ = {isa = PBXBuildFile; fileRef = 285DE2411BA2493000752B93 /* CAObject.cpp */; };
		282C5F411BA37B56005C137F /* CACFDictionary.cpp in Sources */ = {isa = PBXBuildFile; fileRef = 285DE21A1BA2493000752B93 /* CACFDictionary.cpp */; };
		282C5F421BA37B61005C137F /* CACFArray.cpp in Sources */ = {isa = PBXBuildFile; fileRef = 285DE2171BA2493000752B93 /* CACFArray.cpp */; };
		282C5F431BA37B74005C137F /* CADispatchQueue.cpp in Sources */ = {isa = PBXBuildFile; fileRef = 285DE2301BA2493000752B93 /* CADispatchQueue.cpp */; };
		282C5F441BA37B82005C137F /* CAMutex.cpp in Sources */ = {isa = PBXBuildFile; fileRef = 285DE23F1BA2493000752B93 /* CAMutex.cpp */; };
		282C5F451BA37B8D005C137F /* CACFString.cpp in Sources */ = {isa = PBXBuildFile; fileRef = 285DE2281BA2493000752B93 /* CACFString.cpp */; };
		282C5F461BA37B95005C137F /* CAHostTimeBase.cpp in Sources */ = {isa = PBXBuildFile; fileRef = 285DE23B1BA2493000752B93 /* CAHostTimeBase.cpp */; };
		282C5F471BA37BA5005C137F /* Device.cpp in Sources */ = {isa = PBXBuildFile; fileRef = 285DE2031BA2471400752B93 /* Device.cpp */; };
		282C5F481BA37BB1005C137F /* CARingBuffer.cpp in Sources */ = {isa = PBXBuildFile; fileRef = 285DE2441BA2493000752B93 /* CARingBuffer.cpp */; };
		282C5F491BA37BBF005C137F /* CAStreamBasicDescription.cpp in Sources */ = {isa = PBXBuildFile; fileRef = 285DE2461BA2493000752B93 /* CAStreamBasicDescription.cpp */; };
		282C5F4A1BA37BC8005C137F /* PlugIn.cpp in Sources */ = {isa = PBXBuildFile; fileRef = 285DE2091BA2471400752B93 /* PlugIn.cpp */; };
		282C5F4B1BA37BD4005C137F /* CAVolumeCurve.cpp in Sources */ = {isa = PBXBuildFile; fileRef = 285DE24A1BA2493000752B93 /* CAVolumeCurve.cpp */; };
		282C5F4C1BA37BDF005C137F /* Box.cpp in Sources */ = {isa = PBXBuildFile; fileRef = 285DE2011BA2471400752B93 /* Box.cpp */; };
		282C5F4D1BA37BEC005C137F /* Accelerate.framework in Frameworks */ = {isa = PBXBuildFile; fileRef = 285DE2681BA2496900752B93 /* Accelerate.framework */; };
		285DE20C1BA2471400752B93 /* Box.cpp in Sources */ = {isa = PBXBuildFile; fileRef = 285DE2011BA2471400752B93 /* Box.cpp */; settings = {ASSET_TAGS = (); }; };
		285DE20D1BA2471400752B93 /* Device.cpp in Sources */ = {isa = PBXBuildFile; fileRef = 285DE2031BA2471400752B93 /* Device.cpp */; settings = {ASSET_TAGS = (); }; };
		285DE20E1BA2471400752B93 /* DeviceList.cpp in Sources */ = {isa = PBXBuildFile; fileRef = 285DE2051BA2471400752B93 /* DeviceList.cpp */; settings = {ASSET_TAGS = (); }; };
		285DE20F1BA2471400752B93 /* Factory.cpp in Sources */ = {isa = PBXBuildFile; fileRef = 285DE2071BA2471400752B93 /* Factory.cpp */; settings = {ASSET_TAGS = (); }; };
		285DE2101BA2471400752B93 /* PlugIn.cpp in Sources */ = {isa = PBXBuildFile; fileRef = 285DE2091BA2471400752B93 /* PlugIn.cpp */; settings = {ASSET_TAGS = (); }; };
		285DE24C1BA2493000752B93 /* CAAudioValueRange.cpp in Sources */ = {isa = PBXBuildFile; fileRef = 285DE2131BA2493000752B93 /* CAAudioValueRange.cpp */; settings = {ASSET_TAGS = (); }; };
		285DE24D1BA2493000752B93 /* CACFArray.cpp in Sources */ = {isa = PBXBuildFile; fileRef = 285DE2171BA2493000752B93 /* CACFArray.cpp */; settings = {ASSET_TAGS = (); }; };
		285DE24E1BA2493000752B93 /* CACFDictionary.cpp in Sources */ = {isa = PBXBuildFile; fileRef = 285DE21A1BA2493000752B93 /* CACFDictionary.cpp */; settings = {ASSET_TAGS = (); }; };
		285DE24F1BA2493000752B93 /* CACFDistributedNotification.cpp in Sources */ = {isa = PBXBuildFile; fileRef = 285DE21C1BA2493000752B93 /* CACFDistributedNotification.cpp */; settings = {ASSET_TAGS = (); }; };
		285DE2501BA2493000752B93 /* CACFMachPort.cpp in Sources */ = {isa = PBXBuildFile; fileRef = 285DE21E1BA2493000752B93 /* CACFMachPort.cpp */; settings = {ASSET_TAGS = (); }; };
		285DE2511BA2493000752B93 /* CACFMessagePort.cpp in Sources */ = {isa = PBXBuildFile; fileRef = 285DE2201BA2493000752B93 /* CACFMessagePort.cpp */; settings = {ASSET_TAGS = (); }; };
		285DE2521BA2493000752B93 /* CACFNumber.cpp in Sources */ = {isa = PBXBuildFile; fileRef = 285DE2221BA2493000752B93 /* CACFNumber.cpp */; settings = {ASSET_TAGS = (); }; };
		285DE2531BA2493000752B93 /* CACFPreferences.cpp in Sources */ = {isa = PBXBuildFile; fileRef = 285DE2261BA2493000752B93 /* CACFPreferences.cpp */; settings = {ASSET_TAGS = (); }; };
		285DE2541BA2493000752B93 /* CACFString.cpp in Sources */ = {isa = PBXBuildFile; fileRef = 285DE2281BA2493000752B93 /* CACFString.cpp */; settings = {ASSET_TAGS = (); }; };
		285DE2551BA2493000752B93 /* CADebugger.cpp in Sources */ = {isa = PBXBuildFile; fileRef = 285DE22A1BA2493000752B93 /* CADebugger.cpp */; settings = {ASSET_TAGS = (); }; };
		285DE2561BA2493000752B93 /* CADebugMacros.cpp in Sources */ = {isa = PBXBuildFile; fileRef = 285DE22C1BA2493000752B93 /* CADebugMacros.cpp */; settings = {ASSET_TAGS = (); }; };
		285DE2571BA2493000752B93 /* CADebugPrintf.cpp in Sources */ = {isa = PBXBuildFile; fileRef = 285DE22E1BA2493000752B93 /* CADebugPrintf.cpp */; settings = {ASSET_TAGS = (); }; };
		285DE2581BA2493000752B93 /* CADispatchQueue.cpp in Sources */ = {isa = PBXBuildFile; fileRef = 285DE2301BA2493000752B93 /* CADispatchQueue.cpp */; settings = {ASSET_TAGS = (); }; };
		285DE25D1BA2493000752B93 /* CAHostTimeBase.cpp in Sources */ = {isa = PBXBuildFile; fileRef = 285DE23B1BA2493000752B93 /* CAHostTimeBase.cpp */; settings = {ASSET_TAGS = (); }; };
		285DE25E1BA2493000752B93 /* CAMutex.cpp in Sources */ = {isa = PBXBuildFile; fileRef = 285DE23F1BA2493000752B93 /* CAMutex.cpp */; settings = {ASSET_TAGS = (); }; };
		285DE25F1BA2493000752B93 /* CAObject.cpp in Sources */ = {isa = PBXBuildFile; fileRef = 285DE2411BA2493000752B93 /* CAObject.cpp */; settings = {ASSET_TAGS = (); }; };
		285DE2601BA2493000752B93 /* CARingBuffer.cpp in Sources */ = {isa = PBXBuildFile; fileRef = 285DE2441BA2493000752B93 /* CARingBuffer.cpp */; settings = {ASSET_TAGS = (); }; };
		285DE2611BA2493000752B93 /* CAStreamBasicDescription.cpp in Sources */ = {isa = PBXBuildFile; fileRef = 285DE2461BA2493000752B93 /* CAStreamBasicDescription.cpp */; settings = {ASSET_TAGS = (); }; };
		285DE2621BA2493000752B93 /* CAStreamRangedDescription.cpp in Sources */ = {isa = PBXBuildFile; fileRef = 285DE2481BA2493000752B93 /* CAStreamRangedDescription.cpp */; settings = {ASSET_TAGS = (); }; };
		285DE2631BA2493000752B93 /* CAVolumeCurve.cpp in Sources */ = {isa = PBXBuildFile; fileRef = 285DE24A1BA2493000752B93 /* CAVolumeCurve.cpp */; settings = {ASSET_TAGS = (); }; };
		285DE2651BA2495B00752B93 /* CoreAudio.framework in Frameworks */ = {isa = PBXBuildFile; fileRef = 285DE2641BA2495B00752B93 /* CoreAudio.framework */; };
		285DE2671BA2496400752B93 /* CoreFoundation.framework in Frameworks */ = {isa = PBXBuildFile; fileRef = 285DE2661BA2496400752B93 /* CoreFoundation.framework */; };
		285DE2691BA2496900752B93 /* Accelerate.framework in Frameworks */ = {isa = PBXBuildFile; fileRef = 285DE2681BA2496900752B93 /* Accelerate.framework */; };
		285DE2721BA249C100752B93 /* DeviceListTests.mm in Sources */ = {isa = PBXBuildFile; fileRef = 285DE2711BA249C100752B93 /* DeviceListTests.mm */; };
/* End PBXBuildFile section */

/* Begin PBXFileReference section */
		2812BEBD1BA29BFD0050DDA7 /* Hub.prefPane */ = {isa = PBXFileReference; explicitFileType = wrapper.cfbundle; includeInIndex = 0; path = Hub.prefPane; sourceTree = BUILT_PRODUCTS_DIR; };
		2812BEBF1BA29BFD0050DDA7 /* Hub.h */ = {isa = PBXFileReference; lastKnownFileType = sourcecode.c.h; path = Hub.h; sourceTree = "<group>"; };
		2812BEC11BA29BFD0050DDA7 /* Hub.m */ = {isa = PBXFileReference; lastKnownFileType = sourcecode.c.objc; path = Hub.m; sourceTree = "<group>"; };
		2812BEC31BA29BFD0050DDA7 /* Hub.tiff */ = {isa = PBXFileReference; lastKnownFileType = image.tiff; path = Hub.tiff; sourceTree = "<group>"; };
		2812BEC61BA29BFD0050DDA7 /* Base */ = {isa = PBXFileReference; lastKnownFileType = file.xib; name = Base; path = Base.lproj/Hub.xib; sourceTree = "<group>"; };
		2812BEC81BA29BFD0050DDA7 /* Info.plist */ = {isa = PBXFileReference; lastKnownFileType = text.plist.xml; path = Info.plist; sourceTree = "<group>"; };
		2812BEDC1BA29CA30050DDA7 /* HubUITests.xctest */ = {isa = PBXFileReference; explicitFileType = wrapper.cfbundle; includeInIndex = 0; path = HubUITests.xctest; sourceTree = BUILT_PRODUCTS_DIR; };
		2812BEDE1BA29CA30050DDA7 /* HubUITests.m */ = {isa = PBXFileReference; lastKnownFileType = sourcecode.c.objc; path = HubUITests.m; sourceTree = "<group>"; };
		2812BEE01BA29CA30050DDA7 /* Info.plist */ = {isa = PBXFileReference; lastKnownFileType = text.plist.xml; path = Info.plist; sourceTree = "<group>"; };
		2812BEE91BA29D390050DDA7 /* HubTests.xctest */ = {isa = PBXFileReference; explicitFileType = wrapper.cfbundle; includeInIndex = 0; path = HubTests.xctest; sourceTree = BUILT_PRODUCTS_DIR; };
		2812BEEB1BA29D390050DDA7 /* HubTests.m */ = {isa = PBXFileReference; lastKnownFileType = sourcecode.c.objc; path = HubTests.m; sourceTree = "<group>"; };
		2812BEED1BA29D390050DDA7 /* Info.plist */ = {isa = PBXFileReference; lastKnownFileType = text.plist.xml; path = Info.plist; sourceTree = "<group>"; };
		282C5F3D1BA362FE005C137F /* uninstall.sh */ = {isa = PBXFileReference; lastKnownFileType = text.script.sh; path = uninstall.sh; sourceTree = "<group>"; };
		28592DB81BA33B8A007BC566 /* debug.sh */ = {isa = PBXFileReference; lastKnownFileType = text.script.sh; path = debug.sh; sourceTree = "<group>"; };
		285DE1F91BA2467600752B93 /* HubAudio.driver */ = {isa = PBXFileReference; explicitFileType = wrapper.cfbundle; includeInIndex = 0; path = HubAudio.driver; sourceTree = BUILT_PRODUCTS_DIR; };
		285DE1FB1BA2467600752B93 /* Info.plist */ = {isa = PBXFileReference; lastKnownFileType = text.plist.xml; path = Info.plist; sourceTree = "<group>"; };
		285DE2011BA2471400752B93 /* Box.cpp */ = {isa = PBXFileReference; fileEncoding = 4; lastKnownFileType = sourcecode.cpp.cpp; path = Box.cpp; sourceTree = "<group>"; };
		285DE2021BA2471400752B93 /* Box.h */ = {isa = PBXFileReference; fileEncoding = 4; lastKnownFileType = sourcecode.c.h; path = Box.h; sourceTree = "<group>"; };
		285DE2031BA2471400752B93 /* Device.cpp */ = {isa = PBXFileReference; fileEncoding = 4; lastKnownFileType = sourcecode.cpp.cpp; path = Device.cpp; sourceTree = "<group>"; };
		285DE2041BA2471400752B93 /* Device.h */ = {isa = PBXFileReference; fileEncoding = 4; lastKnownFileType = sourcecode.c.h; path = Device.h; sourceTree = "<group>"; };
		285DE2051BA2471400752B93 /* DeviceList.cpp */ = {isa = PBXFileReference; fileEncoding = 4; lastKnownFileType = sourcecode.cpp.cpp; path = DeviceList.cpp; sourceTree = "<group>"; };
		285DE2061BA2471400752B93 /* DeviceList.h */ = {isa = PBXFileReference; fileEncoding = 4; lastKnownFileType = sourcecode.c.h; path = DeviceList.h; sourceTree = "<group>"; };
		285DE2071BA2471400752B93 /* Factory.cpp */ = {isa = PBXFileReference; fileEncoding = 4; lastKnownFileType = sourcecode.cpp.cpp; path = Factory.cpp; sourceTree = "<group>"; };
		285DE2081BA2471400752B93 /* Factory.h */ = {isa = PBXFileReference; fileEncoding = 4; lastKnownFileType = sourcecode.c.h; path = Factory.h; sourceTree = "<group>"; };
		285DE2091BA2471400752B93 /* PlugIn.cpp */ = {isa = PBXFileReference; fileEncoding = 4; lastKnownFileType = sourcecode.cpp.cpp; path = PlugIn.cpp; sourceTree = "<group>"; };
		285DE20A1BA2471400752B93 /* PlugIn.h */ = {isa = PBXFileReference; fileEncoding = 4; lastKnownFileType = sourcecode.c.h; path = PlugIn.h; sourceTree = "<group>"; };
		285DE20B1BA2471400752B93 /* Shared.h */ = {isa = PBXFileReference; fileEncoding = 4; lastKnownFileType = sourcecode.c.h; path = Shared.h; sourceTree = "<group>"; };
		285DE2121BA2493000752B93 /* CAAtomic.h */ = {isa = PBXFileReference; fileEncoding = 4; lastKnownFileType = sourcecode.c.h; path = CAAtomic.h; sourceTree = "<group>"; };
		285DE2131BA2493000752B93 /* CAAudioValueRange.cpp */ = {isa = PBXFileReference; fileEncoding = 4; lastKnownFileType = sourcecode.cpp.cpp; path = CAAudioValueRange.cpp; sourceTree = "<group>"; };
		285DE2141BA2493000752B93 /* CAAudioValueRange.h */ = {isa = PBXFileReference; fileEncoding = 4; lastKnownFileType = sourcecode.c.h; path = CAAudioValueRange.h; sourceTree = "<group>"; };
		285DE2151BA2493000752B93 /* CAAutoDisposer.h */ = {isa = PBXFileReference; fileEncoding = 4; lastKnownFileType = sourcecode.c.h; path = CAAutoDisposer.h; sourceTree = "<group>"; };
		285DE2161BA2493000752B93 /* CABitOperations.h */ = {isa = PBXFileReference; fileEncoding = 4; lastKnownFileType = sourcecode.c.h; path = CABitOperations.h; sourceTree = "<group>"; };
		285DE2171BA2493000752B93 /* CACFArray.cpp */ = {isa = PBXFileReference; fileEncoding = 4; lastKnownFileType = sourcecode.cpp.cpp; path = CACFArray.cpp; sourceTree = "<group>"; };
		285DE2181BA2493000752B93 /* CACFArray.h */ = {isa = PBXFileReference; fileEncoding = 4; lastKnownFileType = sourcecode.c.h; path = CACFArray.h; sourceTree = "<group>"; };
		285DE2191BA2493000752B93 /* CACFData.h */ = {isa = PBXFileReference; fileEncoding = 4; lastKnownFileType = sourcecode.c.h; path = CACFData.h; sourceTree = "<group>"; };
		285DE21A1BA2493000752B93 /* CACFDictionary.cpp */ = {isa = PBXFileReference; fileEncoding = 4; lastKnownFileType = sourcecode.cpp.cpp; path = CACFDictionary.cpp; sourceTree = "<group>"; };
		285DE21B1BA2493000752B93 /* CACFDictionary.h */ = {isa = PBXFileReference; fileEncoding = 4; lastKnownFileType = sourcecode.c.h; path = CACFDictionary.h; sourceTree = "<group>"; };
		285DE21C1BA2493000752B93 /* CACFDistributedNotification.cpp */ = {isa = PBXFileReference; fileEncoding = 4; lastKnownFileType = sourcecode.cpp.cpp; path = CACFDistributedNotification.cpp; sourceTree = "<group>"; };
		285DE21D1BA2493000752B93 /* CACFDistributedNotification.h */ = {isa = PBXFileReference; fileEncoding = 4; lastKnownFileType = sourcecode.c.h; path = CACFDistributedNotification.h; sourceTree = "<group>"; };
		285DE21E1BA2493000752B93 /* CACFMachPort.cpp */ = {isa = PBXFileReference; fileEncoding = 4; lastKnownFileType = sourcecode.cpp.cpp; path = CACFMachPort.cpp; sourceTree = "<group>"; };
		285DE21F1BA2493000752B93 /* CACFMachPort.h */ = {isa = PBXFileReference; fileEncoding = 4; lastKnownFileType = sourcecode.c.h; path = CACFMachPort.h; sourceTree = "<group>"; };
		285DE2201BA2493000752B93 /* CACFMessagePort.cpp */ = {isa = PBXFileReference; fileEncoding = 4; lastKnownFileType = sourcecode.cpp.cpp; path = CACFMessagePort.cpp; sourceTree = "<group>"; };
		285DE2211BA2493000752B93 /* CACFMessagePort.h */ = {isa = PBXFileReference; fileEncoding = 4; lastKnownFileType = sourcecode.c.h; path = CACFMessagePort.h; sourceTree = "<group>"; };
		285DE2221BA2493000752B93 /* CACFNumber.cpp */ = {isa = PBXFileReference; fileEncoding = 4; lastKnownFileType = sourcecode.cpp.cpp; path = CACFNumber.cpp; sourceTree = "<group>"; };
		285DE2231BA2493000752B93 /* CACFNumber.h */ = {isa = PBXFileReference; fileEncoding = 4; lastKnownFileType = sourcecode.c.h; path = CACFNumber.h; sourceTree = "<group>"; };
		285DE2241BA2493000752B93 /* CACFObject.h */ = {isa = PBXFileReference; fileEncoding = 4; lastKnownFileType = sourcecode.c.h; path = CACFObject.h; sourceTree = "<group>"; };
		285DE2251BA2493000752B93 /* CACFPlugIn.h */ = {isa = PBXFileReference; fileEncoding = 4; lastKnownFileType = sourcecode.c.h; path = CACFPlugIn.h; sourceTree = "<group>"; };
		285DE2261BA2493000752B93 /* CACFPreferences.cpp */ = {isa = PBXFileReference; fileEncoding = 4; lastKnownFileType = sourcecode.cpp.cpp; path = CACFPreferences.cpp; sourceTree = "<group>"; };
		285DE2271BA2493000752B93 /* CACFPreferences.h */ = {isa = PBXFileReference; fileEncoding = 4; lastKnownFileType = sourcecode.c.h; path = CACFPreferences.h; sourceTree = "<group>"; };
		285DE2281BA2493000752B93 /* CACFString.cpp */ = {isa = PBXFileReference; fileEncoding = 4; lastKnownFileType = sourcecode.cpp.cpp; path = CACFString.cpp; sourceTree = "<group>"; };
		285DE2291BA2493000752B93 /* CACFString.h */ = {isa = PBXFileReference; fileEncoding = 4; lastKnownFileType = sourcecode.c.h; path = CACFString.h; sourceTree = "<group>"; };
		285DE22A1BA2493000752B93 /* CADebugger.cpp */ = {isa = PBXFileReference; fileEncoding = 4; lastKnownFileType = sourcecode.cpp.cpp; path = CADebugger.cpp; sourceTree = "<group>"; };
		285DE22B1BA2493000752B93 /* CADebugger.h */ = {isa = PBXFileReference; fileEncoding = 4; lastKnownFileType = sourcecode.c.h; path = CADebugger.h; sourceTree = "<group>"; };
		285DE22C1BA2493000752B93 /* CADebugMacros.cpp */ = {isa = PBXFileReference; fileEncoding = 4; lastKnownFileType = sourcecode.cpp.cpp; path = CADebugMacros.cpp; sourceTree = "<group>"; };
		285DE22D1BA2493000752B93 /* CADebugMacros.h */ = {isa = PBXFileReference; fileEncoding = 4; lastKnownFileType = sourcecode.c.h; path = CADebugMacros.h; sourceTree = "<group>"; };
		285DE22E1BA2493000752B93 /* CADebugPrintf.cpp */ = {isa = PBXFileReference; fileEncoding = 4; lastKnownFileType = sourcecode.cpp.cpp; path = CADebugPrintf.cpp; sourceTree = "<group>"; };
		285DE22F1BA2493000752B93 /* CADebugPrintf.h */ = {isa = PBXFileReference; fileEncoding = 4; lastKnownFileType = sourcecode.c.h; path = CADebugPrintf.h; sourceTree = "<group>"; };
		285DE2301BA2493000752B93 /* CADispatchQueue.cpp */ = {isa = PBXFileReference; fileEncoding = 4; lastKnownFileType = sourcecode.cpp.cpp; path = CADispatchQueue.cpp; sourceTree = "<group>"; };
		285DE2311BA2493000752B93 /* CADispatchQueue.h */ = {isa = PBXFileReference; fileEncoding = 4; lastKnownFileType = sourcecode.c.h; path = CADispatchQueue.h; sourceTree = "<group>"; };
		285DE2321BA2493000752B93 /* CAException.h */ = {isa = PBXFileReference; fileEncoding = 4; lastKnownFileType = sourcecode.c.h; path = CAException.h; sourceTree = "<group>"; };
		285DE23B1BA2493000752B93 /* CAHostTimeBase.cpp */ = {isa = PBXFileReference; fileEncoding = 4; lastKnownFileType = sourcecode.cpp.cpp; path = CAHostTimeBase.cpp; sourceTree = "<group>"; };
		285DE23C1BA2493000752B93 /* CAHostTimeBase.h */ = {isa = PBXFileReference; fileEncoding = 4; lastKnownFileType = sourcecode.c.h; path = CAHostTimeBase.h; sourceTree = "<group>"; };
		285DE23D1BA2493000752B93 /* CALogMacros.h */ = {isa = PBXFileReference; fileEncoding = 4; lastKnownFileType = sourcecode.c.h; path = CALogMacros.h; sourceTree = "<group>"; };
		285DE23E1BA2493000752B93 /* CAMath.h */ = {isa = PBXFileReference; fileEncoding = 4; lastKnownFileType = sourcecode.c.h; path = CAMath.h; sourceTree = "<group>"; };
		285DE23F1BA2493000752B93 /* CAMutex.cpp */ = {isa = PBXFileReference; fileEncoding = 4; lastKnownFileType = sourcecode.cpp.cpp; path = CAMutex.cpp; sourceTree = "<group>"; };
		285DE2401BA2493000752B93 /* CAMutex.h */ = {isa = PBXFileReference; fileEncoding = 4; lastKnownFileType = sourcecode.c.h; path = CAMutex.h; sourceTree = "<group>"; };
		285DE2411BA2493000752B93 /* CAObject.cpp */ = {isa = PBXFileReference; fileEncoding = 4; lastKnownFileType = sourcecode.cpp.cpp; path = CAObject.cpp; sourceTree = "<group>"; };
		285DE2421BA2493000752B93 /* CAObject.h */ = {isa = PBXFileReference; fileEncoding = 4; lastKnownFileType = sourcecode.c.h; path = CAObject.h; sourceTree = "<group>"; };
		285DE2431BA2493000752B93 /* CAPropertyAddress.h */ = {isa = PBXFileReference; fileEncoding = 4; lastKnownFileType = sourcecode.c.h; path = CAPropertyAddress.h; sourceTree = "<group>"; };
		285DE2441BA2493000752B93 /* CARingBuffer.cpp */ = {isa = PBXFileReference; fileEncoding = 4; lastKnownFileType = sourcecode.cpp.cpp; path = CARingBuffer.cpp; sourceTree = "<group>"; };
		285DE2451BA2493000752B93 /* CARingBuffer.h */ = {isa = PBXFileReference; fileEncoding = 4; lastKnownFileType = sourcecode.c.h; path = CARingBuffer.h; sourceTree = "<group>"; };
		285DE2461BA2493000752B93 /* CAStreamBasicDescription.cpp */ = {isa = PBXFileReference; fileEncoding = 4; lastKnownFileType = sourcecode.cpp.cpp; path = CAStreamBasicDescription.cpp; sourceTree = "<group>"; };
		285DE2471BA2493000752B93 /* CAStreamBasicDescription.h */ = {isa = PBXFileReference; fileEncoding = 4; lastKnownFileType = sourcecode.c.h; path = CAStreamBasicDescription.h; sourceTree = "<group>"; };
		285DE2481BA2493000752B93 /* CAStreamRangedDescription.cpp */ = {isa = PBXFileReference; fileEncoding = 4; lastKnownFileType = sourcecode.cpp.cpp; path = CAStreamRangedDescription.cpp; sourceTree = "<group>"; };
		285DE2491BA2493000752B93 /* CAStreamRangedDescription.h */ = {isa = PBXFileReference; fileEncoding = 4; lastKnownFileType = sourcecode.c.h; path = CAStreamRangedDescription.h; sourceTree = "<group>"; };
		285DE24A1BA2493000752B93 /* CAVolumeCurve.cpp */ = {isa = PBXFileReference; fileEncoding = 4; lastKnownFileType = sourcecode.cpp.cpp; path = CAVolumeCurve.cpp; sourceTree = "<group>"; };
		285DE24B1BA2493000752B93 /* CAVolumeCurve.h */ = {isa = PBXFileReference; fileEncoding = 4; lastKnownFileType = sourcecode.c.h; path = CAVolumeCurve.h; sourceTree = "<group>"; };
		285DE2641BA2495B00752B93 /* CoreAudio.framework */ = {isa = PBXFileReference; lastKnownFileType = wrapper.framework; name = CoreAudio.framework; path = System/Library/Frameworks/CoreAudio.framework; sourceTree = SDKROOT; };
		285DE2661BA2496400752B93 /* CoreFoundation.framework */ = {isa = PBXFileReference; lastKnownFileType = wrapper.framework; name = CoreFoundation.framework; path = System/Library/Frameworks/CoreFoundation.framework; sourceTree = SDKROOT; };
		285DE2681BA2496900752B93 /* Accelerate.framework */ = {isa = PBXFileReference; lastKnownFileType = wrapper.framework; name = Accelerate.framework; path = System/Library/Frameworks/Accelerate.framework; sourceTree = SDKROOT; };
		285DE26F1BA249C100752B93 /* HubAudioTests.xctest */ = {isa = PBXFileReference; explicitFileType = wrapper.cfbundle; includeInIndex = 0; path = HubAudioTests.xctest; sourceTree = BUILT_PRODUCTS_DIR; };
		285DE2711BA249C100752B93 /* DeviceListTests.mm */ = {isa = PBXFileReference; lastKnownFileType = sourcecode.cpp.objcpp; path = DeviceListTests.mm; sourceTree = "<group>"; };
		285DE2731BA249C100752B93 /* Info.plist */ = {isa = PBXFileReference; lastKnownFileType = text.plist.xml; path = Info.plist; sourceTree = "<group>"; };
/* End PBXFileReference section */

/* Begin PBXFrameworksBuildPhase section */
		2812BEB91BA29BFD0050DDA7 /* Frameworks */ = {
			isa = PBXFrameworksBuildPhase;
			buildActionMask = 2147483647;
			files = (
			);
			runOnlyForDeploymentPostprocessing = 0;
		};
		2812BED91BA29CA30050DDA7 /* Frameworks */ = {
			isa = PBXFrameworksBuildPhase;
			buildActionMask = 2147483647;
			files = (
			);
			runOnlyForDeploymentPostprocessing = 0;
		};
		2812BEE61BA29D390050DDA7 /* Frameworks */ = {
			isa = PBXFrameworksBuildPhase;
			buildActionMask = 2147483647;
			files = (
			);
			runOnlyForDeploymentPostprocessing = 0;
		};
		285DE1F61BA2467600752B93 /* Frameworks */ = {
			isa = PBXFrameworksBuildPhase;
			buildActionMask = 2147483647;
			files = (
				285DE2691BA2496900752B93 /* Accelerate.framework in Frameworks */,
				285DE2671BA2496400752B93 /* CoreFoundation.framework in Frameworks */,
				285DE2651BA2495B00752B93 /* CoreAudio.framework in Frameworks */,
			);
			runOnlyForDeploymentPostprocessing = 0;
		};
		285DE26C1BA249C100752B93 /* Frameworks */ = {
			isa = PBXFrameworksBuildPhase;
			buildActionMask = 2147483647;
			files = (
				282C5F4D1BA37BEC005C137F /* Accelerate.framework in Frameworks */,
			);
			runOnlyForDeploymentPostprocessing = 0;
		};
/* End PBXFrameworksBuildPhase section */

/* Begin PBXGroup section */
		2812BEBE1BA29BFD0050DDA7 /* Hub */ = {
			isa = PBXGroup;
			children = (
				2812BEE41BA29D200050DDA7 /* Tests */,
				2812BEBF1BA29BFD0050DDA7 /* Hub.h */,
				2812BEC11BA29BFD0050DDA7 /* Hub.m */,
				2812BEC31BA29BFD0050DDA7 /* Hub.tiff */,
				2812BEC51BA29BFD0050DDA7 /* Hub.xib */,
				2812BEC81BA29BFD0050DDA7 /* Info.plist */,
			);
			path = Hub;
			sourceTree = "<group>";
		};
		2812BEDD1BA29CA30050DDA7 /* HubUITests */ = {
			isa = PBXGroup;
			children = (
				2812BEDE1BA29CA30050DDA7 /* HubUITests.m */,
				2812BEE01BA29CA30050DDA7 /* Info.plist */,
			);
			path = HubUITests;
			sourceTree = SOURCE_ROOT;
		};
		2812BEE41BA29D200050DDA7 /* Tests */ = {
			isa = PBXGroup;
			children = (
				2812BEEA1BA29D390050DDA7 /* HubTests */,
				2812BEDD1BA29CA30050DDA7 /* HubUITests */,
			);
			name = Tests;
			sourceTree = "<group>";
		};
		2812BEEA1BA29D390050DDA7 /* HubTests */ = {
			isa = PBXGroup;
			children = (
				2812BEEB1BA29D390050DDA7 /* HubTests.m */,
				2812BEED1BA29D390050DDA7 /* Info.plist */,
			);
			path = HubTests;
			sourceTree = SOURCE_ROOT;
		};
		282C5F3E1BA37970005C137F /* Utility */ = {
			isa = PBXGroup;
			children = (
				285DE2051BA2471400752B93 /* DeviceList.cpp */,
				285DE2061BA2471400752B93 /* DeviceList.h */,
			);
			name = Utility;
			sourceTree = "<group>";
		};
		28592DB71BA33B68007BC566 /* Scripts */ = {
			isa = PBXGroup;
			children = (
				28592DB81BA33B8A007BC566 /* debug.sh */,
				282C5F3D1BA362FE005C137F /* uninstall.sh */,
			);
			name = Scripts;
			sourceTree = "<group>";
		};
		285DE1BE1BA245CE00752B93 = {
			isa = PBXGroup;
			children = (
				285DE1FA1BA2467600752B93 /* HubAudio */,
				2812BEBE1BA29BFD0050DDA7 /* Hub */,
				285DE1C81BA245CE00752B93 /* Products */,
			);
			sourceTree = "<group>";
		};
		285DE1C81BA245CE00752B93 /* Products */ = {
			isa = PBXGroup;
			children = (
				285DE1F91BA2467600752B93 /* HubAudio.driver */,
				285DE26F1BA249C100752B93 /* HubAudioTests.xctest */,
				2812BEBD1BA29BFD0050DDA7 /* Hub.prefPane */,
				2812BEDC1BA29CA30050DDA7 /* HubUITests.xctest */,
				2812BEE91BA29D390050DDA7 /* HubTests.xctest */,
			);
			name = Products;
			sourceTree = "<group>";
		};
		285DE1FA1BA2467600752B93 /* HubAudio */ = {
			isa = PBXGroup;
			children = (
				28592DB71BA33B68007BC566 /* Scripts */,
				285DE20B1BA2471400752B93 /* Shared.h */,
				285DE27A1BA24A3A00752B93 /* Tests */,
				285DE26A1BA2497A00752B93 /* Frameworks */,
				285DE2111BA2491B00752B93 /* PublicUtility */,
				282C5F3E1BA37970005C137F /* Utility */,
				285DE2011BA2471400752B93 /* Box.cpp */,
				285DE2021BA2471400752B93 /* Box.h */,
				285DE2031BA2471400752B93 /* Device.cpp */,
				285DE2041BA2471400752B93 /* Device.h */,
				285DE2071BA2471400752B93 /* Factory.cpp */,
				285DE2081BA2471400752B93 /* Factory.h */,
				285DE2091BA2471400752B93 /* PlugIn.cpp */,
				285DE20A1BA2471400752B93 /* PlugIn.h */,
				285DE1FB1BA2467600752B93 /* Info.plist */,
			);
			path = HubAudio;
			sourceTree = "<group>";
		};
		285DE2111BA2491B00752B93 /* PublicUtility */ = {
			isa = PBXGroup;
			children = (
				285DE2121BA2493000752B93 /* CAAtomic.h */,
				285DE2131BA2493000752B93 /* CAAudioValueRange.cpp */,
				285DE2141BA2493000752B93 /* CAAudioValueRange.h */,
				285DE2151BA2493000752B93 /* CAAutoDisposer.h */,
				285DE2161BA2493000752B93 /* CABitOperations.h */,
				285DE2171BA2493000752B93 /* CACFArray.cpp */,
				285DE2181BA2493000752B93 /* CACFArray.h */,
				285DE2191BA2493000752B93 /* CACFData.h */,
				285DE21A1BA2493000752B93 /* CACFDictionary.cpp */,
				285DE21B1BA2493000752B93 /* CACFDictionary.h */,
				285DE21C1BA2493000752B93 /* CACFDistributedNotification.cpp */,
				285DE21D1BA2493000752B93 /* CACFDistributedNotification.h */,
				285DE21E1BA2493000752B93 /* CACFMachPort.cpp */,
				285DE21F1BA2493000752B93 /* CACFMachPort.h */,
				285DE2201BA2493000752B93 /* CACFMessagePort.cpp */,
				285DE2211BA2493000752B93 /* CACFMessagePort.h */,
				285DE2221BA2493000752B93 /* CACFNumber.cpp */,
				285DE2231BA2493000752B93 /* CACFNumber.h */,
				285DE2241BA2493000752B93 /* CACFObject.h */,
				285DE2251BA2493000752B93 /* CACFPlugIn.h */,
				285DE2261BA2493000752B93 /* CACFPreferences.cpp */,
				285DE2271BA2493000752B93 /* CACFPreferences.h */,
				285DE2281BA2493000752B93 /* CACFString.cpp */,
				285DE2291BA2493000752B93 /* CACFString.h */,
				285DE22A1BA2493000752B93 /* CADebugger.cpp */,
				285DE22B1BA2493000752B93 /* CADebugger.h */,
				285DE22C1BA2493000752B93 /* CADebugMacros.cpp */,
				285DE22D1BA2493000752B93 /* CADebugMacros.h */,
				285DE22E1BA2493000752B93 /* CADebugPrintf.cpp */,
				285DE22F1BA2493000752B93 /* CADebugPrintf.h */,
				285DE2301BA2493000752B93 /* CADispatchQueue.cpp */,
				285DE2311BA2493000752B93 /* CADispatchQueue.h */,
				285DE2321BA2493000752B93 /* CAException.h */,
				285DE23B1BA2493000752B93 /* CAHostTimeBase.cpp */,
				285DE23C1BA2493000752B93 /* CAHostTimeBase.h */,
				285DE23D1BA2493000752B93 /* CALogMacros.h */,
				285DE23E1BA2493000752B93 /* CAMath.h */,
				285DE23F1BA2493000752B93 /* CAMutex.cpp */,
				285DE2401BA2493000752B93 /* CAMutex.h */,
				285DE2411BA2493000752B93 /* CAObject.cpp */,
				285DE2421BA2493000752B93 /* CAObject.h */,
				285DE2431BA2493000752B93 /* CAPropertyAddress.h */,
				285DE2441BA2493000752B93 /* CARingBuffer.cpp */,
				285DE2451BA2493000752B93 /* CARingBuffer.h */,
				285DE2461BA2493000752B93 /* CAStreamBasicDescription.cpp */,
				285DE2471BA2493000752B93 /* CAStreamBasicDescription.h */,
				285DE2481BA2493000752B93 /* CAStreamRangedDescription.cpp */,
				285DE2491BA2493000752B93 /* CAStreamRangedDescription.h */,
				285DE24A1BA2493000752B93 /* CAVolumeCurve.cpp */,
				285DE24B1BA2493000752B93 /* CAVolumeCurve.h */,
			);
			name = PublicUtility;
			sourceTree = "<group>";
		};
		285DE26A1BA2497A00752B93 /* Frameworks */ = {
			isa = PBXGroup;
			children = (
				285DE2681BA2496900752B93 /* Accelerate.framework */,
				285DE2661BA2496400752B93 /* CoreFoundation.framework */,
				285DE2641BA2495B00752B93 /* CoreAudio.framework */,
			);
			name = Frameworks;
			sourceTree = "<group>";
		};
		285DE2701BA249C100752B93 /* HubAudioTests */ = {
			isa = PBXGroup;
			children = (
				285DE2711BA249C100752B93 /* DeviceListTests.mm */,
				285DE2731BA249C100752B93 /* Info.plist */,
			);
			path = HubAudioTests;
			sourceTree = SOURCE_ROOT;
		};
		285DE27A1BA24A3A00752B93 /* Tests */ = {
			isa = PBXGroup;
			children = (
				285DE2701BA249C100752B93 /* HubAudioTests */,
			);
			name = Tests;
			sourceTree = "<group>";
		};
/* End PBXGroup section */

/* Begin PBXHeadersBuildPhase section */
		2812BEBA1BA29BFD0050DDA7 /* Headers */ = {
			isa = PBXHeadersBuildPhase;
			buildActionMask = 2147483647;
			files = (
				2812BEC01BA29BFD0050DDA7 /* Hub.h in Headers */,
			);
			runOnlyForDeploymentPostprocessing = 0;
		};
/* End PBXHeadersBuildPhase section */

/* Begin PBXNativeTarget section */
		2812BEBC1BA29BFD0050DDA7 /* Hub */ = {
			isa = PBXNativeTarget;
			buildConfigurationList = 2812BEC91BA29BFD0050DDA7 /* Build configuration list for PBXNativeTarget "Hub" */;
			buildPhases = (
				2812BEB81BA29BFD0050DDA7 /* Sources */,
				2812BEB91BA29BFD0050DDA7 /* Frameworks */,
				2812BEBA1BA29BFD0050DDA7 /* Headers */,
				2812BEBB1BA29BFD0050DDA7 /* Resources */,
			);
			buildRules = (
			);
			dependencies = (
			);
			name = Hub;
			productName = Hub;
			productReference = 2812BEBD1BA29BFD0050DDA7 /* Hub.prefPane */;
			productType = "com.apple.product-type.bundle";
		};
		2812BEDB1BA29CA30050DDA7 /* HubUITests */ = {
			isa = PBXNativeTarget;
			buildConfigurationList = 2812BEE11BA29CA30050DDA7 /* Build configuration list for PBXNativeTarget "HubUITests" */;
			buildPhases = (
				2812BED81BA29CA30050DDA7 /* Sources */,
				2812BED91BA29CA30050DDA7 /* Frameworks */,
				2812BEDA1BA29CA30050DDA7 /* Resources */,
			);
			buildRules = (
			);
			dependencies = (
			);
			name = HubUITests;
			productName = HubUITests;
			productReference = 2812BEDC1BA29CA30050DDA7 /* HubUITests.xctest */;
			productType = "com.apple.product-type.bundle.ui-testing";
		};
		2812BEE81BA29D390050DDA7 /* HubTests */ = {
			isa = PBXNativeTarget;
			buildConfigurationList = 2812BEEE1BA29D390050DDA7 /* Build configuration list for PBXNativeTarget "HubTests" */;
			buildPhases = (
				2812BEE51BA29D390050DDA7 /* Sources */,
				2812BEE61BA29D390050DDA7 /* Frameworks */,
				2812BEE71BA29D390050DDA7 /* Resources */,
			);
			buildRules = (
			);
			dependencies = (
			);
			name = HubTests;
			productName = HubTests;
			productReference = 2812BEE91BA29D390050DDA7 /* HubTests.xctest */;
			productType = "com.apple.product-type.bundle.unit-test";
		};
		285DE1F81BA2467600752B93 /* HubAudio */ = {
			isa = PBXNativeTarget;
			buildConfigurationList = 285DE1FC1BA2467600752B93 /* Build configuration list for PBXNativeTarget "HubAudio" */;
			buildPhases = (
				285DE1F51BA2467600752B93 /* Sources */,
				285DE1F61BA2467600752B93 /* Frameworks */,
				285DE1F71BA2467600752B93 /* Resources */,
			);
			buildRules = (
			);
			dependencies = (
			);
			name = HubAudio;
			productName = HubAudio;
			productReference = 285DE1F91BA2467600752B93 /* HubAudio.driver */;
			productType = "com.apple.product-type.bundle";
		};
		285DE26E1BA249C100752B93 /* HubAudioTests */ = {
			isa = PBXNativeTarget;
			buildConfigurationList = 285DE2761BA249C100752B93 /* Build configuration list for PBXNativeTarget "HubAudioTests" */;
			buildPhases = (
				285DE26B1BA249C100752B93 /* Sources */,
				285DE26C1BA249C100752B93 /* Frameworks */,
				285DE26D1BA249C100752B93 /* Resources */,
			);
			buildRules = (
			);
			dependencies = (
			);
			name = HubAudioTests;
			productName = HubAudioTests;
			productReference = 285DE26F1BA249C100752B93 /* HubAudioTests.xctest */;
			productType = "com.apple.product-type.bundle.unit-test";
		};
/* End PBXNativeTarget section */

/* Begin PBXProject section */
		285DE1BF1BA245CE00752B93 /* Project object */ = {
			isa = PBXProject;
			attributes = {
				LastUpgradeCheck = 0700;
				ORGANIZATIONNAME = "Daniel Lindenfelser";
				TargetAttributes = {
					2812BEBC1BA29BFD0050DDA7 = {
						CreatedOnToolsVersion = 7.0;
					};
					2812BEDB1BA29CA30050DDA7 = {
						CreatedOnToolsVersion = 7.0;
					};
					2812BEE81BA29D390050DDA7 = {
						CreatedOnToolsVersion = 7.0;
					};
					285DE1F81BA2467600752B93 = {
						CreatedOnToolsVersion = 7.0;
					};
					285DE26E1BA249C100752B93 = {
						CreatedOnToolsVersion = 7.0;
					};
				};
			};
			buildConfigurationList = 285DE1C21BA245CE00752B93 /* Build configuration list for PBXProject "Hub" */;
			compatibilityVersion = "Xcode 3.2";
			developmentRegion = English;
			hasScannedForEncodings = 0;
			knownRegions = (
				en,
				Base,
			);
			mainGroup = 285DE1BE1BA245CE00752B93;
			productRefGroup = 285DE1C81BA245CE00752B93 /* Products */;
			projectDirPath = "";
			projectRoot = "";
			targets = (
				285DE1F81BA2467600752B93 /* HubAudio */,
				285DE26E1BA249C100752B93 /* HubAudioTests */,
				2812BEBC1BA29BFD0050DDA7 /* Hub */,
				2812BEDB1BA29CA30050DDA7 /* HubUITests */,
				2812BEE81BA29D390050DDA7 /* HubTests */,
			);
		};
/* End PBXProject section */

/* Begin PBXResourcesBuildPhase section */
		2812BEBB1BA29BFD0050DDA7 /* Resources */ = {
			isa = PBXResourcesBuildPhase;
			buildActionMask = 2147483647;
			files = (
				2812BEC41BA29BFD0050DDA7 /* Hub.tiff in Resources */,
				2812BEC71BA29BFD0050DDA7 /* Hub.xib in Resources */,
			);
			runOnlyForDeploymentPostprocessing = 0;
		};
		2812BEDA1BA29CA30050DDA7 /* Resources */ = {
			isa = PBXResourcesBuildPhase;
			buildActionMask = 2147483647;
			files = (
			);
			runOnlyForDeploymentPostprocessing = 0;
		};
		2812BEE71BA29D390050DDA7 /* Resources */ = {
			isa = PBXResourcesBuildPhase;
			buildActionMask = 2147483647;
			files = (
			);
			runOnlyForDeploymentPostprocessing = 0;
		};
		285DE1F71BA2467600752B93 /* Resources */ = {
			isa = PBXResourcesBuildPhase;
			buildActionMask = 2147483647;
			files = (
			);
			runOnlyForDeploymentPostprocessing = 0;
		};
		285DE26D1BA249C100752B93 /* Resources */ = {
			isa = PBXResourcesBuildPhase;
			buildActionMask = 2147483647;
			files = (
			);
			runOnlyForDeploymentPostprocessing = 0;
		};
/* End PBXResourcesBuildPhase section */

/* Begin PBXSourcesBuildPhase section */
		2812BEB81BA29BFD0050DDA7 /* Sources */ = {
			isa = PBXSourcesBuildPhase;
			buildActionMask = 2147483647;
			files = (
				2812BEC21BA29BFD0050DDA7 /* Hub.m in Sources */,
			);
			runOnlyForDeploymentPostprocessing = 0;
		};
		2812BED81BA29CA30050DDA7 /* Sources */ = {
			isa = PBXSourcesBuildPhase;
			buildActionMask = 2147483647;
			files = (
				2812BEDF1BA29CA30050DDA7 /* HubUITests.m in Sources */,
			);
			runOnlyForDeploymentPostprocessing = 0;
		};
		2812BEE51BA29D390050DDA7 /* Sources */ = {
			isa = PBXSourcesBuildPhase;
			buildActionMask = 2147483647;
			files = (
				2812BEEC1BA29D390050DDA7 /* HubTests.m in Sources */,
			);
			runOnlyForDeploymentPostprocessing = 0;
		};
		285DE1F51BA2467600752B93 /* Sources */ = {
			isa = PBXSourcesBuildPhase;
			buildActionMask = 2147483647;
			files = (
				285DE2531BA2493000752B93 /* CACFPreferences.cpp in Sources */,
				285DE25F1BA2493000752B93 /* CAObject.cpp in Sources */,
				285DE20F1BA2471400752B93 /* Factory.cpp in Sources */,
				285DE2621BA2493000752B93 /* CAStreamRangedDescription.cpp in Sources */,
				285DE2561BA2493000752B93 /* CADebugMacros.cpp in Sources */,
				285DE25E1BA2493000752B93 /* CAMutex.cpp in Sources */,
				285DE2631BA2493000752B93 /* CAVolumeCurve.cpp in Sources */,
				285DE24D1BA2493000752B93 /* CACFArray.cpp in Sources */,
				285DE20C1BA2471400752B93 /* Box.cpp in Sources */,
				285DE24C1BA2493000752B93 /* CAAudioValueRange.cpp in Sources */,
				285DE2501BA2493000752B93 /* CACFMachPort.cpp in Sources */,
				285DE2521BA2493000752B93 /* CACFNumber.cpp in Sources */,
				285DE2611BA2493000752B93 /* CAStreamBasicDescription.cpp in Sources */,
				285DE20D1BA2471400752B93 /* Device.cpp in Sources */,
				285DE24F1BA2493000752B93 /* CACFDistributedNotification.cpp in Sources */,
				285DE2541BA2493000752B93 /* CACFString.cpp in Sources */,
				285DE2101BA2471400752B93 /* PlugIn.cpp in Sources */,
				285DE2551BA2493000752B93 /* CADebugger.cpp in Sources */,
				285DE2581BA2493000752B93 /* CADispatchQueue.cpp in Sources */,
				285DE2571BA2493000752B93 /* CADebugPrintf.cpp in Sources */,
				285DE24E1BA2493000752B93 /* CACFDictionary.cpp in Sources */,
				285DE2511BA2493000752B93 /* CACFMessagePort.cpp in Sources */,
				285DE20E1BA2471400752B93 /* DeviceList.cpp in Sources */,
				285DE25D1BA2493000752B93 /* CAHostTimeBase.cpp in Sources */,
				285DE2601BA2493000752B93 /* CARingBuffer.cpp in Sources */,
			);
			runOnlyForDeploymentPostprocessing = 0;
		};
		285DE26B1BA249C100752B93 /* Sources */ = {
			isa = PBXSourcesBuildPhase;
			buildActionMask = 2147483647;
			files = (
				282C5F4C1BA37BDF005C137F /* Box.cpp in Sources */,
				282C5F4B1BA37BD4005C137F /* CAVolumeCurve.cpp in Sources */,
				282C5F4A1BA37BC8005C137F /* PlugIn.cpp in Sources */,
				282C5F491BA37BBF005C137F /* CAStreamBasicDescription.cpp in Sources */,
				282C5F481BA37BB1005C137F /* CARingBuffer.cpp in Sources */,
				282C5F471BA37BA5005C137F /* Device.cpp in Sources */,
				282C5F461BA37B95005C137F /* CAHostTimeBase.cpp in Sources */,
				282C5F451BA37B8D005C137F /* CACFString.cpp in Sources */,
				282C5F441BA37B82005C137F /* CAMutex.cpp in Sources */,
				282C5F431BA37B74005C137F /* CADispatchQueue.cpp in Sources */,
				282C5F421BA37B61005C137F /* CACFArray.cpp in Sources */,
				282C5F411BA37B56005C137F /* CACFDictionary.cpp in Sources */,
				282C5F401BA37B4D005C137F /* CAObject.cpp in Sources */,
				282C5F3F1BA37B38005C137F /* DeviceList.cpp in Sources */,
				285DE2721BA249C100752B93 /* DeviceListTests.mm in Sources */,
			);
			runOnlyForDeploymentPostprocessing = 0;
		};
/* End PBXSourcesBuildPhase section */

/* Begin PBXVariantGroup section */
		2812BEC51BA29BFD0050DDA7 /* Hub.xib */ = {
			isa = PBXVariantGroup;
			children = (
				2812BEC61BA29BFD0050DDA7 /* Base */,
			);
			name = Hub.xib;
			sourceTree = "<group>";
		};
/* End PBXVariantGroup section */

/* Begin XCBuildConfiguration section */
		2812BECA1BA29BFD0050DDA7 /* Debug */ = {
			isa = XCBuildConfiguration;
			buildSettings = {
				COMBINE_HIDPI_IMAGES = YES;
				DEPLOYMENT_LOCATION = YES;
				DEPLOYMENT_POSTPROCESSING = YES;
				DSTROOT = /;
				INFOPLIST_FILE = Hub/Info.plist;
				INSTALL_PATH = "$(HOME)/Library/PreferencePanes";
				PRODUCT_BUNDLE_IDENTIFIER = de.8plugs.audio.Hub;
				PRODUCT_NAME = "$(TARGET_NAME)";
				WRAPPER_EXTENSION = prefPane;
			};
			name = Debug;
		};
		2812BECB1BA29BFD0050DDA7 /* Release */ = {
			isa = XCBuildConfiguration;
			buildSettings = {
				COMBINE_HIDPI_IMAGES = YES;
				DSTROOT = /;
				INFOPLIST_FILE = Hub/Info.plist;
				INSTALL_PATH = "$(HOME)/Library/PreferencePanes";
				PRODUCT_BUNDLE_IDENTIFIER = de.8plugs.audio.Hub;
				PRODUCT_NAME = "$(TARGET_NAME)";
				WRAPPER_EXTENSION = prefPane;
			};
			name = Release;
		};
		2812BEE21BA29CA30050DDA7 /* Debug */ = {
			isa = XCBuildConfiguration;
			buildSettings = {
				COMBINE_HIDPI_IMAGES = YES;
				INFOPLIST_FILE = HubUITests/Info.plist;
				LD_RUNPATH_SEARCH_PATHS = "$(inherited) @executable_path/../Frameworks @loader_path/../Frameworks";
				PRODUCT_BUNDLE_IDENTIFIER = de.8plugs.audio.HubUITests;
				PRODUCT_NAME = "$(TARGET_NAME)";
			};
			name = Debug;
		};
		2812BEE31BA29CA30050DDA7 /* Release */ = {
			isa = XCBuildConfiguration;
			buildSettings = {
				COMBINE_HIDPI_IMAGES = YES;
				INFOPLIST_FILE = HubUITests/Info.plist;
				LD_RUNPATH_SEARCH_PATHS = "$(inherited) @executable_path/../Frameworks @loader_path/../Frameworks";
				PRODUCT_BUNDLE_IDENTIFIER = de.8plugs.audio.HubUITests;
				PRODUCT_NAME = "$(TARGET_NAME)";
			};
			name = Release;
		};
		2812BEEF1BA29D390050DDA7 /* Debug */ = {
			isa = XCBuildConfiguration;
			buildSettings = {
				COMBINE_HIDPI_IMAGES = YES;
				INFOPLIST_FILE = HubTests/Info.plist;
				LD_RUNPATH_SEARCH_PATHS = "$(inherited) @executable_path/../Frameworks @loader_path/../Frameworks";
				PRODUCT_BUNDLE_IDENTIFIER = de.8plugs.audio.HubTests;
				PRODUCT_NAME = "$(TARGET_NAME)";
			};
			name = Debug;
		};
		2812BEF01BA29D390050DDA7 /* Release */ = {
			isa = XCBuildConfiguration;
			buildSettings = {
				COMBINE_HIDPI_IMAGES = YES;
				INFOPLIST_FILE = HubTests/Info.plist;
				LD_RUNPATH_SEARCH_PATHS = "$(inherited) @executable_path/../Frameworks @loader_path/../Frameworks";
				PRODUCT_BUNDLE_IDENTIFIER = de.8plugs.audio.HubTests;
				PRODUCT_NAME = "$(TARGET_NAME)";
			};
			name = Release;
		};
		285DE1EA1BA245CE00752B93 /* Debug */ = {
			isa = XCBuildConfiguration;
			buildSettings = {
				ALWAYS_SEARCH_USER_PATHS = NO;
				CLANG_CXX_LANGUAGE_STANDARD = "gnu++0x";
				CLANG_CXX_LIBRARY = "libc++";
				CLANG_ENABLE_MODULES = YES;
				CLANG_ENABLE_OBJC_ARC = YES;
				CLANG_WARN_BOOL_CONVERSION = YES;
				CLANG_WARN_CONSTANT_CONVERSION = YES;
				CLANG_WARN_DIRECT_OBJC_ISA_USAGE = YES_ERROR;
				CLANG_WARN_EMPTY_BODY = YES;
				CLANG_WARN_ENUM_CONVERSION = YES;
				CLANG_WARN_INT_CONVERSION = YES;
				CLANG_WARN_OBJC_ROOT_CLASS = YES_ERROR;
				CLANG_WARN_UNREACHABLE_CODE = YES;
				CLANG_WARN__DUPLICATE_METHOD_MATCH = YES;
				CODE_SIGN_IDENTITY = "-";
				COPY_PHASE_STRIP = NO;
				DEBUG_INFORMATION_FORMAT = dwarf;
				ENABLE_STRICT_OBJC_MSGSEND = YES;
				ENABLE_TESTABILITY = YES;
				GCC_C_LANGUAGE_STANDARD = gnu99;
				GCC_DYNAMIC_NO_PIC = NO;
				GCC_NO_COMMON_BLOCKS = YES;
				GCC_OPTIMIZATION_LEVEL = 0;
				GCC_PREPROCESSOR_DEFINITIONS = (
					"DEBUG=1",
					"$(inherited)",
				);
				GCC_WARN_64_TO_32_BIT_CONVERSION = YES;
				GCC_WARN_ABOUT_RETURN_TYPE = YES_ERROR;
				GCC_WARN_UNDECLARED_SELECTOR = YES;
				GCC_WARN_UNINITIALIZED_AUTOS = YES_AGGRESSIVE;
				GCC_WARN_UNUSED_FUNCTION = YES;
				GCC_WARN_UNUSED_VARIABLE = YES;
				MACOSX_DEPLOYMENT_TARGET = 10.11;
				MTL_ENABLE_DEBUG_INFO = YES;
				ONLY_ACTIVE_ARCH = YES;
				SDKROOT = macosx;
				SWIFT_OPTIMIZATION_LEVEL = "-Onone";
			};
			name = Debug;
		};
		285DE1EB1BA245CE00752B93 /* Release */ = {
			isa = XCBuildConfiguration;
			buildSettings = {
				ALWAYS_SEARCH_USER_PATHS = NO;
				CLANG_CXX_LANGUAGE_STANDARD = "gnu++0x";
				CLANG_CXX_LIBRARY = "libc++";
				CLANG_ENABLE_MODULES = YES;
				CLANG_ENABLE_OBJC_ARC = YES;
				CLANG_WARN_BOOL_CONVERSION = YES;
				CLANG_WARN_CONSTANT_CONVERSION = YES;
				CLANG_WARN_DIRECT_OBJC_ISA_USAGE = YES_ERROR;
				CLANG_WARN_EMPTY_BODY = YES;
				CLANG_WARN_ENUM_CONVERSION = YES;
				CLANG_WARN_INT_CONVERSION = YES;
				CLANG_WARN_OBJC_ROOT_CLASS = YES_ERROR;
				CLANG_WARN_UNREACHABLE_CODE = YES;
				CLANG_WARN__DUPLICATE_METHOD_MATCH = YES;
				CODE_SIGN_IDENTITY = "-";
				COPY_PHASE_STRIP = NO;
				DEBUG_INFORMATION_FORMAT = "dwarf-with-dsym";
				ENABLE_NS_ASSERTIONS = NO;
				ENABLE_STRICT_OBJC_MSGSEND = YES;
				GCC_C_LANGUAGE_STANDARD = gnu99;
				GCC_NO_COMMON_BLOCKS = YES;
				GCC_WARN_64_TO_32_BIT_CONVERSION = YES;
				GCC_WARN_ABOUT_RETURN_TYPE = YES_ERROR;
				GCC_WARN_UNDECLARED_SELECTOR = YES;
				GCC_WARN_UNINITIALIZED_AUTOS = YES_AGGRESSIVE;
				GCC_WARN_UNUSED_FUNCTION = YES;
				GCC_WARN_UNUSED_VARIABLE = YES;
				MACOSX_DEPLOYMENT_TARGET = 10.11;
				MTL_ENABLE_DEBUG_INFO = NO;
				SDKROOT = macosx;
			};
			name = Release;
		};
		285DE1FD1BA2467600752B93 /* Debug */ = {
			isa = XCBuildConfiguration;
			buildSettings = {
				COMBINE_HIDPI_IMAGES = YES;
				DEPLOYMENT_LOCATION = YES;
				DEPLOYMENT_POSTPROCESSING = YES;
				INFOPLIST_FILE = HubAudio/Info.plist;
				INSTALL_PATH = "$(LOCAL_LIBRARY_DIR)/Audio/Plug-Ins/HAL";
				PRODUCT_BUNDLE_IDENTIFIER = de.8plugs.audio.HubAudio;
				PRODUCT_NAME = "$(TARGET_NAME)";
				WRAPPER_EXTENSION = driver;
			};
			name = Debug;
		};
		285DE1FE1BA2467600752B93 /* Release */ = {
			isa = XCBuildConfiguration;
			buildSettings = {
				COMBINE_HIDPI_IMAGES = YES;
				DEPLOYMENT_LOCATION = YES;
				DEPLOYMENT_POSTPROCESSING = YES;
				INFOPLIST_FILE = HubAudio/Info.plist;
				INSTALL_PATH = "$(LOCAL_LIBRARY_DIR)/Audio/Plug-Ins/HAL";
				PRODUCT_BUNDLE_IDENTIFIER = de.8plugs.audio.HubAudio;
				PRODUCT_NAME = "$(TARGET_NAME)";
				WRAPPER_EXTENSION = driver;
			};
			name = Release;
		};
		285DE2771BA249C100752B93 /* Debug */ = {
			isa = XCBuildConfiguration;
			buildSettings = {
				COMBINE_HIDPI_IMAGES = YES;
				INFOPLIST_FILE = HubAudioTests/Info.plist;
				LD_RUNPATH_SEARCH_PATHS = "$(inherited) @executable_path/../Frameworks @loader_path/../Frameworks";
				PRODUCT_BUNDLE_IDENTIFIER = de.8plugs.audio.HubAudioTests;
				PRODUCT_NAME = "$(TARGET_NAME)";
			};
			name = Debug;
		};
		285DE2781BA249C100752B93 /* Release */ = {
			isa = XCBuildConfiguration;
			buildSettings = {
				COMBINE_HIDPI_IMAGES = YES;
				INFOPLIST_FILE = HubAudioTests/Info.plist;
				LD_RUNPATH_SEARCH_PATHS = "$(inherited) @executable_path/../Frameworks @loader_path/../Frameworks";
				PRODUCT_BUNDLE_IDENTIFIER = de.8plugs.audio.HubAudioTests;
				PRODUCT_NAME = "$(TARGET_NAME)";
			};
			name = Release;
		};
/* End XCBuildConfiguration section */

/* Begin XCConfigurationList section */
		2812BEC91BA29BFD0050DDA7 /* Build configuration list for PBXNativeTarget "Hub" */ = {
			isa = XCConfigurationList;
			buildConfigurations = (
				2812BECA1BA29BFD0050DDA7 /* Debug */,
				2812BECB1BA29BFD0050DDA7 /* Release */,
			);
			defaultConfigurationIsVisible = 0;
			defaultConfigurationName = Release;
		};
		2812BEE11BA29CA30050DDA7 /* Build configuration list for PBXNativeTarget "HubUITests" */ = {
			isa = XCConfigurationList;
			buildConfigurations = (
				2812BEE21BA29CA30050DDA7 /* Debug */,
				2812BEE31BA29CA30050DDA7 /* Release */,
			);
			defaultConfigurationIsVisible = 0;
			defaultConfigurationName = Release;
		};
		2812BEEE1BA29D390050DDA7 /* Build configuration list for PBXNativeTarget "HubTests" */ = {
			isa = XCConfigurationList;
			buildConfigurations = (
				2812BEEF1BA29D390050DDA7 /* Debug */,
				2812BEF01BA29D390050DDA7 /* Release */,
			);
			defaultConfigurationIsVisible = 0;
			defaultConfigurationName = Release;
		};
		285DE1C21BA245CE00752B93 /* Build configuration list for PBXProject "Hub" */ = {
			isa = XCConfigurationList;
			buildConfigurations = (
				285DE1EA1BA245CE00752B93 /* Debug */,
				285DE1EB1BA245CE00752B93 /* Release */,
			);
			defaultConfigurationIsVisible = 0;
			defaultConfigurationName = Release;
		};
		285DE1FC1BA2467600752B93 /* Build configuration list for PBXNativeTarget "HubAudio" */ = {
			isa = XCConfigurationList;
			buildConfigurations = (
				285DE1FD1BA2467600752B93 /* Debug */,
				285DE1FE1BA2467600752B93 /* Release */,
			);
			defaultConfigurationIsVisible = 0;
			defaultConfigurationName = Release;
		};
		285DE2761BA249C100752B93 /* Build configuration list for PBXNativeTarget "HubAudioTests" */ = {
			isa = XCConfigurationList;
			buildConfigurations = (
				285DE2771BA249C100752B93 /* Debug */,
				285DE2781BA249C100752B93 /* Release */,
			);
			defaultConfigurationIsVisible = 0;
			defaultConfigurationName = Release;
		};
/* End XCConfigurationList section */
	};
	rootObject = 285DE1BF1BA245CE00752B93 /* Project object */;
}
