<?xml version="1.0" encoding="UTF-8"?>
<Scheme
   LastUpgradeVersion = "0700"
   version = "1.7">
   <BuildAction
      parallelizeBuildables = "YES"
      buildImplicitDependencies = "YES">
      <PreActions>
         <ExecutionAction
            ActionType = "Xcode.IDEStandardExecutionActionsCore.ExecutionActionType.ShellScriptAction">
            <ActionContent
               title = "Run Script"
               scriptText = "if [ $CONFIGURATION == Release ]; then&#10;echo &quot;Bumping build number...&quot;&#10;plist=${PROJECT_DIR}/${INFOPLIST_FILE}&#10;&#10;# increment the build number (ie 115 to 116)&#10;buildnum=$(/usr/libexec/PlistBuddy -c &quot;Print CFBundleVersion&quot; &quot;${plist}&quot;)&#10;if [[ &quot;${buildnum}&quot; == &quot;&quot; ]]; then&#10;echo &quot;No build number in $plist&quot;&#10;exit 2&#10;fi&#10;&#10;buildnum=$(expr $buildnum + 1)&#10;/usr/libexec/Plistbuddy -c &quot;Set CFBundleVersion $buildnum&quot; &quot;${plist}&quot;&#10;echo &quot;Bumped build number to $buildnum&quot;&#10;&#10;else&#10;echo $CONFIGURATION &quot; build - Not bumping build number.&quot;&#10;fi">
               <EnvironmentBuildable>
                  <BuildableReference
                     BuildableIdentifier = "primary"
                     BlueprintIdentifier = "281F1A881BAE8ECC00FC62E1"
                     BuildableName = "AudioHubPreferences.prefPane"
                     BlueprintName = "AudioHubPreferences"
                     ReferencedContainer = "container:AudioHub.xcodeproj">
                  </BuildableReference>
               </EnvironmentBuildable>
            </ActionContent>
         </ExecutionAction>
      </PreActions>
      <BuildActionEntries>
         <BuildActionEntry
            buildForTesting = "YES"
            buildForRunning = "YES"
            buildForProfiling = "YES"
            buildForArchiving = "YES"
            buildForAnalyzing = "YES">
            <BuildableReference
               BuildableIdentifier = "primary"
               BlueprintIdentifier = "281F1A881BAE8ECC00FC62E1"
               BuildableName = "AudioHubPreferences.prefPane"
               BlueprintName = "AudioHubPreferences"
               ReferencedContainer = "container:AudioHub.xcodeproj">
            </BuildableReference>
         </BuildActionEntry>
      </BuildActionEntries>
   </BuildAction>
   <TestAction
      buildConfiguration = "Debug"
      selectedDebuggerIdentifier = "Xcode.DebuggerFoundation.Debugger.LLDB"
      selectedLauncherIdentifier = "Xcode.DebuggerFoundation.Launcher.LLDB"
      shouldUseLaunchSchemeArgsEnv = "YES">
      <Testables>
      </Testables>
      <MacroExpansion>
         <BuildableReference
            BuildableIdentifier = "primary"
            BlueprintIdentifier = "281F1A881BAE8ECC00FC62E1"
            BuildableName = "AudioHubPreferences.prefPane"
            BlueprintName = "AudioHubPreferences"
            ReferencedContainer = "container:AudioHub.xcodeproj">
         </BuildableReference>
      </MacroExpansion>
      <AdditionalOptions>
      </AdditionalOptions>
   </TestAction>
   <LaunchAction
      buildConfiguration = "Debug"
      selectedDebuggerIdentifier = "Xcode.DebuggerFoundation.Debugger.LLDB"
      selectedLauncherIdentifier = "Xcode.DebuggerFoundation.Launcher.LLDB"
      launchStyle = "0"
      useCustomWorkingDirectory = "NO"
      ignoresPersistentStateOnLaunch = "NO"
      debugDocumentVersioning = "YES"
      debugServiceExtension = "internal"
      allowLocationSimulation = "YES">
      <PathRunnable
         runnableDebuggingMode = "0"
         BundleIdentifier = "com.apple.systempreferences"
         FilePath = "/Applications/System Preferences.app">
      </PathRunnable>
      <MacroExpansion>
         <BuildableReference
            BuildableIdentifier = "primary"
            BlueprintIdentifier = "281F1A881BAE8ECC00FC62E1"
            BuildableName = "AudioHubPreferences.prefPane"
            BlueprintName = "AudioHubPreferences"
            ReferencedContainer = "container:AudioHub.xcodeproj">
         </BuildableReference>
      </MacroExpansion>
      <CommandLineArguments>
         <CommandLineArgument
            argument = "$TARGET_BUILD_DIR/$FULL_PRODUCT_NAME"
            isEnabled = "YES">
         </CommandLineArgument>
      </CommandLineArguments>
      <EnvironmentVariables>
         <EnvironmentVariable
            key = "OBJC_DISABLE_GC"
            value = "YES"
            isEnabled = "YES">
         </EnvironmentVariable>
      </EnvironmentVariables>
      <AdditionalOptions>
      </AdditionalOptions>
   </LaunchAction>
   <ProfileAction
      buildConfiguration = "Release"
      shouldUseLaunchSchemeArgsEnv = "YES"
      savedToolIdentifier = ""
      useCustomWorkingDirectory = "NO"
      debugDocumentVersioning = "YES">
      <BuildableProductRunnable
         runnableDebuggingMode = "0">
         <BuildableReference
            BuildableIdentifier = "primary"
            BlueprintIdentifier = "281F1A881BAE8ECC00FC62E1"
            BuildableName = "AudioHubPreferences.prefPane"
            BlueprintName = "AudioHubPreferences"
            ReferencedContainer = "container:AudioHub.xcodeproj">
         </BuildableReference>
      </BuildableProductRunnable>
   </ProfileAction>
   <AnalyzeAction
      buildConfiguration = "Debug">
   </AnalyzeAction>
   <ArchiveAction
      buildConfiguration = "Release"
      revealArchiveInOrganizer = "NO">
   </ArchiveAction>
</Scheme>
