// !$*UTF8*$!
{
	archiveVersion = 1;
	classes = {
	};
	objectVersion = 46;
	objects = {

/* Begin PBXBuildFile section */
		28F406BD19EB060600593AD2 /* AppDelegate.swift in Sources */ = {isa = PBXBuildFile; fileRef = 28F406BC19EB060600593AD2 /* AppDelegate.swift */; };
		28F406BF19EB060600593AD2 /* Images.xcassets in Resources */ = {isa = PBXBuildFile; fileRef = 28F406BE19EB060600593AD2 /* Images.xcassets */; };
		28F406C219EB060600593AD2 /* MainMenu.xib in Resources */ = {isa = PBXBuildFile; fileRef = 28F406C019EB060600593AD2 /* MainMenu.xib */; };
		28F406CE19EB060600593AD2 /* UltraschallHubTests.swift in Sources */ = {isa = PBXBuildFile; fileRef = 28F406CD19EB060600593AD2 /* UltraschallHubTests.swift */; };
		28F406D819EB069600593AD2 /* AudioEngineTemplate.plist in Resources */ = {isa = PBXBuildFile; fileRef = 28F406D719EB069600593AD2 /* AudioEngineTemplate.plist */; };
		28F406DC19EB087800593AD2 /* GradiantView.swift in Sources */ = {isa = PBXBuildFile; fileRef = 28F406DA19EB087800593AD2 /* GradiantView.swift */; };
		28F406DD19EB087800593AD2 /* StatusBubble.swift in Sources */ = {isa = PBXBuildFile; fileRef = 28F406DB19EB087800593AD2 /* StatusBubble.swift */; };
		28F406DF19EB097600593AD2 /* AudioEngineManager.swift in Sources */ = {isa = PBXBuildFile; fileRef = 28F406DE19EB097600593AD2 /* AudioEngineManager.swift */; };
		28F406E119EB098300593AD2 /* AudioEngine.swift in Sources */ = {isa = PBXBuildFile; fileRef = 28F406E019EB098300593AD2 /* AudioEngine.swift */; };
		28F406E319EB099200593AD2 /* AudioEngineCell.swift in Sources */ = {isa = PBXBuildFile; fileRef = 28F406E219EB099200593AD2 /* AudioEngineCell.swift */; };
		28F406E519EB0A4100593AD2 /* UltraschallHub.swift in Sources */ = {isa = PBXBuildFile; fileRef = 28F406E419EB0A4100593AD2 /* UltraschallHub.swift */; };
		28F406EC19EB0B3200593AD2 /* DriverManager.c in Sources */ = {isa = PBXBuildFile; fileRef = 28F406E919EB0B3200593AD2 /* DriverManager.c */; };
		28F406ED19EB0B3200593AD2 /* DriverManager.swift in Sources */ = {isa = PBXBuildFile; fileRef = 28F406EB19EB0B3200593AD2 /* DriverManager.swift */; };
/* End PBXBuildFile section */

/* Begin PBXContainerItemProxy section */
		28F406C819EB060600593AD2 /* PBXContainerItemProxy */ = {
			isa = PBXContainerItemProxy;
			containerPortal = 28F406AF19EB060600593AD2 /* Project object */;
			proxyType = 1;
			remoteGlobalIDString = 28F406B619EB060600593AD2;
			remoteInfo = UltraschallHub;
		};
/* End PBXContainerItemProxy section */

/* Begin PBXFileReference section */
		28F406B719EB060600593AD2 /* UltraschallHub.app */ = {isa = PBXFileReference; explicitFileType = wrapper.application; includeInIndex = 0; path = UltraschallHub.app; sourceTree = BUILT_PRODUCTS_DIR; };
		28F406BB19EB060600593AD2 /* Info.plist */ = {isa = PBXFileReference; lastKnownFileType = text.plist.xml; path = Info.plist; sourceTree = "<group>"; };
		28F406BC19EB060600593AD2 /* AppDelegate.swift */ = {isa = PBXFileReference; lastKnownFileType = sourcecode.swift; path = AppDelegate.swift; sourceTree = "<group>"; };
		28F406BE19EB060600593AD2 /* Images.xcassets */ = {isa = PBXFileReference; lastKnownFileType = folder.assetcatalog; path = Images.xcassets; sourceTree = "<group>"; };
		28F406C119EB060600593AD2 /* Base */ = {isa = PBXFileReference; lastKnownFileType = file.xib; name = Base; path = Base.lproj/MainMenu.xib; sourceTree = "<group>"; };
		28F406C719EB060600593AD2 /* UltraschallHubTests.xctest */ = {isa = PBXFileReference; explicitFileType = wrapper.cfbundle; includeInIndex = 0; path = UltraschallHubTests.xctest; sourceTree = BUILT_PRODUCTS_DIR; };
		28F406CC19EB060600593AD2 /* Info.plist */ = {isa = PBXFileReference; lastKnownFileType = text.plist.xml; path = Info.plist; sourceTree = "<group>"; };
		28F406CD19EB060600593AD2 /* UltraschallHubTests.swift */ = {isa = PBXFileReference; lastKnownFileType = sourcecode.swift; path = UltraschallHubTests.swift; sourceTree = "<group>"; };
		28F406D719EB069600593AD2 /* AudioEngineTemplate.plist */ = {isa = PBXFileReference; fileEncoding = 4; lastKnownFileType = text.plist.xml; path = AudioEngineTemplate.plist; sourceTree = "<group>"; };
		28F406DA19EB087800593AD2 /* GradiantView.swift */ = {isa = PBXFileReference; fileEncoding = 4; lastKnownFileType = sourcecode.swift; path = GradiantView.swift; sourceTree = "<group>"; };
		28F406DB19EB087800593AD2 /* StatusBubble.swift */ = {isa = PBXFileReference; fileEncoding = 4; lastKnownFileType = sourcecode.swift; path = StatusBubble.swift; sourceTree = "<group>"; };
		28F406DE19EB097600593AD2 /* AudioEngineManager.swift */ = {isa = PBXFileReference; fileEncoding = 4; lastKnownFileType = sourcecode.swift; path = AudioEngineManager.swift; sourceTree = "<group>"; };
		28F406E019EB098300593AD2 /* AudioEngine.swift */ = {isa = PBXFileReference; fileEncoding = 4; lastKnownFileType = sourcecode.swift; path = AudioEngine.swift; sourceTree = "<group>"; };
		28F406E219EB099200593AD2 /* AudioEngineCell.swift */ = {isa = PBXFileReference; fileEncoding = 4; lastKnownFileType = sourcecode.swift; path = AudioEngineCell.swift; sourceTree = "<group>"; };
		28F406E419EB0A4100593AD2 /* UltraschallHub.swift */ = {isa = PBXFileReference; fileEncoding = 4; lastKnownFileType = sourcecode.swift; path = UltraschallHub.swift; sourceTree = "<group>"; };
		28F406E819EB0B3100593AD2 /* UltraschallHub-Bridging-Header.h */ = {isa = PBXFileReference; lastKnownFileType = sourcecode.c.h; path = "UltraschallHub-Bridging-Header.h"; sourceTree = "<group>"; };
		28F406E919EB0B3200593AD2 /* DriverManager.c */ = {isa = PBXFileReference; fileEncoding = 4; lastKnownFileType = sourcecode.c.c; path = DriverManager.c; sourceTree = "<group>"; };
		28F406EA19EB0B3200593AD2 /* DriverManager.h */ = {isa = PBXFileReference; fileEncoding = 4; lastKnownFileType = sourcecode.c.h; path = DriverManager.h; sourceTree = "<group>"; };
		28F406EB19EB0B3200593AD2 /* DriverManager.swift */ = {isa = PBXFileReference; fileEncoding = 4; lastKnownFileType = sourcecode.swift; path = DriverManager.swift; sourceTree = "<group>"; };
/* End PBXFileReference section */

/* Begin PBXFrameworksBuildPhase section */
		28F406B419EB060600593AD2 /* Frameworks */ = {
			isa = PBXFrameworksBuildPhase;
			buildActionMask = 2147483647;
			files = (
			);
			runOnlyForDeploymentPostprocessing = 0;
		};
		28F406C419EB060600593AD2 /* Frameworks */ = {
			isa = PBXFrameworksBuildPhase;
			buildActionMask = 2147483647;
			files = (
			);
			runOnlyForDeploymentPostprocessing = 0;
		};
/* End PBXFrameworksBuildPhase section */

/* Begin PBXGroup section */
		28F406AE19EB060600593AD2 = {
			isa = PBXGroup;
			children = (
				28F406B919EB060600593AD2 /* UltraschallHub */,
				28F406CA19EB060600593AD2 /* UltraschallHubTests */,
				28F406B819EB060600593AD2 /* Products */,
			);
			sourceTree = "<group>";
		};
		28F406B819EB060600593AD2 /* Products */ = {
			isa = PBXGroup;
			children = (
				28F406B719EB060600593AD2 /* UltraschallHub.app */,
				28F406C719EB060600593AD2 /* UltraschallHubTests.xctest */,
			);
			name = Products;
			sourceTree = "<group>";
		};
		28F406B919EB060600593AD2 /* UltraschallHub */ = {
			isa = PBXGroup;
			children = (
				28F406E719EB0B1D00593AD2 /* AudioEngine */,
				28F406E619EB0B1300593AD2 /* DriverManager */,
				28F406D919EB086600593AD2 /* Views */,
				28F406BC19EB060600593AD2 /* AppDelegate.swift */,
				28F406E419EB0A4100593AD2 /* UltraschallHub.swift */,
				28F406BE19EB060600593AD2 /* Images.xcassets */,
				28F406C019EB060600593AD2 /* MainMenu.xib */,
				28F406BA19EB060600593AD2 /* Supporting Files */,
			);
			path = UltraschallHub;
			sourceTree = "<group>";
		};
		28F406BA19EB060600593AD2 /* Supporting Files */ = {
			isa = PBXGroup;
			children = (
				28F406E819EB0B3100593AD2 /* UltraschallHub-Bridging-Header.h */,
				28F406D719EB069600593AD2 /* AudioEngineTemplate.plist */,
				28F406BB19EB060600593AD2 /* Info.plist */,
			);
			name = "Supporting Files";
			sourceTree = "<group>";
		};
		28F406CA19EB060600593AD2 /* UltraschallHubTests */ = {
			isa = PBXGroup;
			children = (
				28F406CD19EB060600593AD2 /* UltraschallHubTests.swift */,
				28F406CB19EB060600593AD2 /* Supporting Files */,
			);
			path = UltraschallHubTests;
			sourceTree = "<group>";
		};
		28F406CB19EB060600593AD2 /* Supporting Files */ = {
			isa = PBXGroup;
			children = (
				28F406CC19EB060600593AD2 /* Info.plist */,
			);
			name = "Supporting Files";
			sourceTree = "<group>";
		};
		28F406D919EB086600593AD2 /* Views */ = {
			isa = PBXGroup;
			children = (
				28F406DA19EB087800593AD2 /* GradiantView.swift */,
				28F406DB19EB087800593AD2 /* StatusBubble.swift */,
			);
			name = Views;
			sourceTree = "<group>";
		};
		28F406E619EB0B1300593AD2 /* DriverManager */ = {
			isa = PBXGroup;
			children = (
				28F406E919EB0B3200593AD2 /* DriverManager.c */,
				28F406EA19EB0B3200593AD2 /* DriverManager.h */,
				28F406EB19EB0B3200593AD2 /* DriverManager.swift */,
			);
			name = DriverManager;
			sourceTree = "<group>";
		};
		28F406E719EB0B1D00593AD2 /* AudioEngine */ = {
			isa = PBXGroup;
			children = (
				28F406E019EB098300593AD2 /* AudioEngine.swift */,
				28F406E219EB099200593AD2 /* AudioEngineCell.swift */,
				28F406DE19EB097600593AD2 /* AudioEngineManager.swift */,
			);
			name = AudioEngine;
			sourceTree = "<group>";
		};
/* End PBXGroup section */

/* Begin PBXNativeTarget section */
		28F406B619EB060600593AD2 /* UltraschallHub */ = {
			isa = PBXNativeTarget;
			buildConfigurationList = 28F406D119EB060600593AD2 /* Build configuration list for PBXNativeTarget "UltraschallHub" */;
			buildPhases = (
				28F406B319EB060600593AD2 /* Sources */,
				28F406B419EB060600593AD2 /* Frameworks */,
				28F406B519EB060600593AD2 /* Resources */,
			);
			buildRules = (
			);
			dependencies = (
			);
			name = UltraschallHub;
			productName = UltraschallHub;
			productReference = 28F406B719EB060600593AD2 /* UltraschallHub.app */;
			productType = "com.apple.product-type.application";
		};
		28F406C619EB060600593AD2 /* UltraschallHubTests */ = {
			isa = PBXNativeTarget;
			buildConfigurationList = 28F406D419EB060600593AD2 /* Build configuration list for PBXNativeTarget "UltraschallHubTests" */;
			buildPhases = (
				28F406C319EB060600593AD2 /* Sources */,
				28F406C419EB060600593AD2 /* Frameworks */,
				28F406C519EB060600593AD2 /* Resources */,
			);
			buildRules = (
			);
			dependencies = (
				28F406C919EB060600593AD2 /* PBXTargetDependency */,
			);
			name = UltraschallHubTests;
			productName = UltraschallHubTests;
			productReference = 28F406C719EB060600593AD2 /* UltraschallHubTests.xctest */;
			productType = "com.apple.product-type.bundle.unit-test";
		};
/* End PBXNativeTarget section */

/* Begin PBXProject section */
		28F406AF19EB060600593AD2 /* Project object */ = {
			isa = PBXProject;
			attributes = {
				LastUpgradeCheck = 0610;
				ORGANIZATIONNAME = "Daniel Lindenfelser";
				TargetAttributes = {
					28F406B619EB060600593AD2 = {
						CreatedOnToolsVersion = 6.1;
					};
					28F406C619EB060600593AD2 = {
						CreatedOnToolsVersion = 6.1;
						TestTargetID = 28F406B619EB060600593AD2;
					};
				};
			};
			buildConfigurationList = 28F406B219EB060600593AD2 /* Build configuration list for PBXProject "UltraschallHub" */;
			compatibilityVersion = "Xcode 3.2";
			developmentRegion = English;
			hasScannedForEncodings = 0;
			knownRegions = (
				en,
				Base,
			);
			mainGroup = 28F406AE19EB060600593AD2;
			productRefGroup = 28F406B819EB060600593AD2 /* Products */;
			projectDirPath = "";
			projectRoot = "";
			targets = (
				28F406B619EB060600593AD2 /* UltraschallHub */,
				28F406C619EB060600593AD2 /* UltraschallHubTests */,
			);
		};
/* End PBXProject section */

/* Begin PBXResourcesBuildPhase section */
		28F406B519EB060600593AD2 /* Resources */ = {
			isa = PBXResourcesBuildPhase;
			buildActionMask = 2147483647;
			files = (
				28F406BF19EB060600593AD2 /* Images.xcassets in Resources */,
				28F406C219EB060600593AD2 /* MainMenu.xib in Resources */,
				28F406D819EB069600593AD2 /* AudioEngineTemplate.plist in Resources */,
			);
			runOnlyForDeploymentPostprocessing = 0;
		};
		28F406C519EB060600593AD2 /* Resources */ = {
			isa = PBXResourcesBuildPhase;
			buildActionMask = 2147483647;
			files = (
			);
			runOnlyForDeploymentPostprocessing = 0;
		};
/* End PBXResourcesBuildPhase section */

/* Begin PBXSourcesBuildPhase section */
		28F406B319EB060600593AD2 /* Sources */ = {
			isa = PBXSourcesBuildPhase;
			buildActionMask = 2147483647;
			files = (
				28F406DC19EB087800593AD2 /* GradiantView.swift in Sources */,
				28F406E519EB0A4100593AD2 /* UltraschallHub.swift in Sources */,
				28F406BD19EB060600593AD2 /* AppDelegate.swift in Sources */,
				28F406ED19EB0B3200593AD2 /* DriverManager.swift in Sources */,
				28F406E119EB098300593AD2 /* AudioEngine.swift in Sources */,
				28F406DF19EB097600593AD2 /* AudioEngineManager.swift in Sources */,
				28F406E319EB099200593AD2 /* AudioEngineCell.swift in Sources */,
				28F406DD19EB087800593AD2 /* StatusBubble.swift in Sources */,
				28F406EC19EB0B3200593AD2 /* DriverManager.c in Sources */,
			);
			runOnlyForDeploymentPostprocessing = 0;
		};
		28F406C319EB060600593AD2 /* Sources */ = {
			isa = PBXSourcesBuildPhase;
			buildActionMask = 2147483647;
			files = (
				28F406CE19EB060600593AD2 /* UltraschallHubTests.swift in Sources */,
			);
			runOnlyForDeploymentPostprocessing = 0;
		};
/* End PBXSourcesBuildPhase section */

/* Begin PBXTargetDependency section */
		28F406C919EB060600593AD2 /* PBXTargetDependency */ = {
			isa = PBXTargetDependency;
			target = 28F406B619EB060600593AD2 /* UltraschallHub */;
			targetProxy = 28F406C819EB060600593AD2 /* PBXContainerItemProxy */;
		};
/* End PBXTargetDependency section */

/* Begin PBXVariantGroup section */
		28F406C019EB060600593AD2 /* MainMenu.xib */ = {
			isa = PBXVariantGroup;
			children = (
				28F406C119EB060600593AD2 /* Base */,
			);
			name = MainMenu.xib;
			sourceTree = "<group>";
		};
/* End PBXVariantGroup section */

/* Begin XCBuildConfiguration section */
		28F406CF19EB060600593AD2 /* Debug */ = {
			isa = XCBuildConfiguration;
			buildSettings = {
				ALWAYS_SEARCH_USER_PATHS = NO;
				CLANG_CXX_LANGUAGE_STANDARD = "gnu++0x";
				CLANG_CXX_LIBRARY = "libc++";
				CLANG_ENABLE_MODULES = YES;
				CLANG_ENABLE_OBJC_ARC = YES;
				CLANG_WARN_BOOL_CONVERSION = YES;
				CLANG_WARN_CONSTANT_CONVERSION = YES;
				CLANG_WARN_DIRECT_OBJC_ISA_USAGE = YES_ERROR;
				CLANG_WARN_EMPTY_BODY = YES;
				CLANG_WARN_ENUM_CONVERSION = YES;
				CLANG_WARN_INT_CONVERSION = YES;
				CLANG_WARN_OBJC_ROOT_CLASS = YES_ERROR;
				CLANG_WARN_UNREACHABLE_CODE = YES;
				CLANG_WARN__DUPLICATE_METHOD_MATCH = YES;
				CODE_SIGN_IDENTITY = "-";
				COPY_PHASE_STRIP = NO;
				ENABLE_STRICT_OBJC_MSGSEND = YES;
				GCC_C_LANGUAGE_STANDARD = gnu99;
				GCC_DYNAMIC_NO_PIC = NO;
				GCC_OPTIMIZATION_LEVEL = 0;
				GCC_PREPROCESSOR_DEFINITIONS = (
					"DEBUG=1",
					"$(inherited)",
				);
				GCC_SYMBOLS_PRIVATE_EXTERN = NO;
				GCC_WARN_64_TO_32_BIT_CONVERSION = YES;
				GCC_WARN_ABOUT_RETURN_TYPE = YES_ERROR;
				GCC_WARN_UNDECLARED_SELECTOR = YES;
				GCC_WARN_UNINITIALIZED_AUTOS = YES_AGGRESSIVE;
				GCC_WARN_UNUSED_FUNCTION = YES;
				GCC_WARN_UNUSED_VARIABLE = YES;
				MACOSX_DEPLOYMENT_TARGET = 10.10;
				MTL_ENABLE_DEBUG_INFO = YES;
				ONLY_ACTIVE_ARCH = YES;
				SDKROOT = macosx;
				SWIFT_OPTIMIZATION_LEVEL = "-Onone";
			};
			name = Debug;
		};
		28F406D019EB060600593AD2 /* Release */ = {
			isa = XCBuildConfiguration;
			buildSettings = {
				ALWAYS_SEARCH_USER_PATHS = NO;
				CLANG_CXX_LANGUAGE_STANDARD = "gnu++0x";
				CLANG_CXX_LIBRARY = "libc++";
				CLANG_ENABLE_MODULES = YES;
				CLANG_ENABLE_OBJC_ARC = YES;
				CLANG_WARN_BOOL_CONVERSION = YES;
				CLANG_WARN_CONSTANT_CONVERSION = YES;
				CLANG_WARN_DIRECT_OBJC_ISA_USAGE = YES_ERROR;
				CLANG_WARN_EMPTY_BODY = YES;
				CLANG_WARN_ENUM_CONVERSION = YES;
				CLANG_WARN_INT_CONVERSION = YES;
				CLANG_WARN_OBJC_ROOT_CLASS = YES_ERROR;
				CLANG_WARN_UNREACHABLE_CODE = YES;
				CLANG_WARN__DUPLICATE_METHOD_MATCH = YES;
				CODE_SIGN_IDENTITY = "-";
				COPY_PHASE_STRIP = YES;
				DEBUG_INFORMATION_FORMAT = "dwarf-with-dsym";
				ENABLE_NS_ASSERTIONS = NO;
				ENABLE_STRICT_OBJC_MSGSEND = YES;
				GCC_C_LANGUAGE_STANDARD = gnu99;
				GCC_WARN_64_TO_32_BIT_CONVERSION = YES;
				GCC_WARN_ABOUT_RETURN_TYPE = YES_ERROR;
				GCC_WARN_UNDECLARED_SELECTOR = YES;
				GCC_WARN_UNINITIALIZED_AUTOS = YES_AGGRESSIVE;
				GCC_WARN_UNUSED_FUNCTION = YES;
				GCC_WARN_UNUSED_VARIABLE = YES;
				MACOSX_DEPLOYMENT_TARGET = 10.10;
				MTL_ENABLE_DEBUG_INFO = NO;
				SDKROOT = macosx;
			};
			name = Release;
		};
		28F406D219EB060600593AD2 /* Debug */ = {
			isa = XCBuildConfiguration;
			buildSettings = {
				ASSETCATALOG_COMPILER_APPICON_NAME = AppIcon;
				CLANG_ENABLE_MODULES = YES;
				COMBINE_HIDPI_IMAGES = YES;
				INFOPLIST_FILE = UltraschallHub/Info.plist;
				LD_RUNPATH_SEARCH_PATHS = "$(inherited) @executable_path/../Frameworks";
				PRODUCT_NAME = "$(TARGET_NAME)";
				SWIFT_OBJC_BRIDGING_HEADER = "UltraschallHub/UltraschallHub-Bridging-Header.h";
				SWIFT_OPTIMIZATION_LEVEL = "-Onone";
			};
			name = Debug;
		};
		28F406D319EB060600593AD2 /* Release */ = {
			isa = XCBuildConfiguration;
			buildSettings = {
				ASSETCATALOG_COMPILER_APPICON_NAME = AppIcon;
				CLANG_ENABLE_MODULES = YES;
				COMBINE_HIDPI_IMAGES = YES;
				INFOPLIST_FILE = UltraschallHub/Info.plist;
				LD_RUNPATH_SEARCH_PATHS = "$(inherited) @executable_path/../Frameworks";
				PRODUCT_NAME = "$(TARGET_NAME)";
				SWIFT_OBJC_BRIDGING_HEADER = "UltraschallHub/UltraschallHub-Bridging-Header.h";
			};
			name = Release;
		};
		28F406D519EB060600593AD2 /* Debug */ = {
			isa = XCBuildConfiguration;
			buildSettings = {
				BUNDLE_LOADER = "$(TEST_HOST)";
				COMBINE_HIDPI_IMAGES = YES;
				FRAMEWORK_SEARCH_PATHS = (
					"$(DEVELOPER_FRAMEWORKS_DIR)",
					"$(inherited)",
				);
				GCC_PREPROCESSOR_DEFINITIONS = (
					"DEBUG=1",
					"$(inherited)",
				);
				INFOPLIST_FILE = UltraschallHubTests/Info.plist;
				LD_RUNPATH_SEARCH_PATHS = "$(inherited) @executable_path/../Frameworks @loader_path/../Frameworks";
				PRODUCT_NAME = "$(TARGET_NAME)";
				TEST_HOST = "$(BUILT_PRODUCTS_DIR)/UltraschallHub.app/Contents/MacOS/UltraschallHub";
			};
			name = Debug;
		};
		28F406D619EB060600593AD2 /* Release */ = {
			isa = XCBuildConfiguration;
			buildSettings = {
				BUNDLE_LOADER = "$(TEST_HOST)";
				COMBINE_HIDPI_IMAGES = YES;
				FRAMEWORK_SEARCH_PATHS = (
					"$(DEVELOPER_FRAMEWORKS_DIR)",
					"$(inherited)",
				);
				INFOPLIST_FILE = UltraschallHubTests/Info.plist;
				LD_RUNPATH_SEARCH_PATHS = "$(inherited) @executable_path/../Frameworks @loader_path/../Frameworks";
				PRODUCT_NAME = "$(TARGET_NAME)";
				TEST_HOST = "$(BUILT_PRODUCTS_DIR)/UltraschallHub.app/Contents/MacOS/UltraschallHub";
			};
			name = Release;
		};
/* End XCBuildConfiguration section */

/* Begin XCConfigurationList section */
		28F406B219EB060600593AD2 /* Build configuration list for PBXProject "UltraschallHub" */ = {
			isa = XCConfigurationList;
			buildConfigurations = (
				28F406CF19EB060600593AD2 /* Debug */,
				28F406D019EB060600593AD2 /* Release */,
			);
			defaultConfigurationIsVisible = 0;
			defaultConfigurationName = Release;
		};
		28F406D119EB060600593AD2 /* Build configuration list for PBXNativeTarget "UltraschallHub" */ = {
			isa = XCConfigurationList;
			buildConfigurations = (
				28F406D219EB060600593AD2 /* Debug */,
				28F406D319EB060600593AD2 /* Release */,
			);
			defaultConfigurationIsVisible = 0;
			defaultConfigurationName = Release;
		};
		28F406D419EB060600593AD2 /* Build configuration list for PBXNativeTarget "UltraschallHubTests" */ = {
			isa = XCConfigurationList;
			buildConfigurations = (
				28F406D519EB060600593AD2 /* Debug */,
				28F406D619EB060600593AD2 /* Release */,
			);
			defaultConfigurationIsVisible = 0;
			defaultConfigurationName = Release;
		};
/* End XCConfigurationList section */
	};
	rootObject = 28F406AF19EB060600593AD2 /* Project object */;
}
