// !$*UTF8*$!
{
	archiveVersion = 1;
	classes = {
	};
	objectVersion = 46;
	objects = {

/* Begin PBXBuildFile section */
		283483281AE97A2500C7363B /* UltraschallHubXPCService.m in Sources */ = {isa = PBXBuildFile; fileRef = 283483271AE97A2500C7363B /* UltraschallHubXPCService.m */; };
		2834832A1AE97A2500C7363B /* main.m in Sources */ = {isa = PBXBuildFile; fileRef = 283483291AE97A2500C7363B /* main.m */; };
/* End PBXBuildFile section */

/* Begin PBXFileReference section */
		283483201AE97A2500C7363B /* UltraschallHubXPCService.xpc */ = {isa = PBXFileReference; explicitFileType = "wrapper.xpc-service"; includeInIndex = 0; path = UltraschallHubXPCService.xpc; sourceTree = BUILT_PRODUCTS_DIR; };
		283483241AE97A2500C7363B /* Info.plist */ = {isa = PBXFileReference; lastKnownFileType = text.plist.xml; path = Info.plist; sourceTree = "<group>"; };
		283483251AE97A2500C7363B /* UltraschallHubXPCServiceProtocol.h */ = {isa = PBXFileReference; lastKnownFileType = sourcecode.c.h; path = UltraschallHubXPCServiceProtocol.h; sourceTree = "<group>"; };
		283483261AE97A2500C7363B /* UltraschallHubXPCService.h */ = {isa = PBXFileReference; lastKnownFileType = sourcecode.c.h; path = UltraschallHubXPCService.h; sourceTree = "<group>"; };
		283483271AE97A2500C7363B /* UltraschallHubXPCService.m */ = {isa = PBXFileReference; lastKnownFileType = sourcecode.c.objc; path = UltraschallHubXPCService.m; sourceTree = "<group>"; };
		283483291AE97A2500C7363B /* main.m */ = {isa = PBXFileReference; lastKnownFileType = sourcecode.c.objc; path = main.m; sourceTree = "<group>"; };
/* End PBXFileReference section */

/* Begin PBXFrameworksBuildPhase section */
		2834831D1AE97A2500C7363B /* Frameworks */ = {
			isa = PBXFrameworksBuildPhase;
			buildActionMask = 2147483647;
			files = (
			);
			runOnlyForDeploymentPostprocessing = 0;
		};
/* End PBXFrameworksBuildPhase section */

/* Begin PBXGroup section */
		283483171AE97A2500C7363B = {
			isa = PBXGroup;
			children = (
				283483221AE97A2500C7363B /* UltraschallHubXPCService */,
				283483211AE97A2500C7363B /* Products */,
			);
			sourceTree = "<group>";
		};
		283483211AE97A2500C7363B /* Products */ = {
			isa = PBXGroup;
			children = (
				283483201AE97A2500C7363B /* UltraschallHubXPCService.xpc */,
			);
			name = Products;
			sourceTree = "<group>";
		};
		283483221AE97A2500C7363B /* UltraschallHubXPCService */ = {
			isa = PBXGroup;
			children = (
				283483251AE97A2500C7363B /* UltraschallHubXPCServiceProtocol.h */,
				283483261AE97A2500C7363B /* UltraschallHubXPCService.h */,
				283483271AE97A2500C7363B /* UltraschallHubXPCService.m */,
				283483291AE97A2500C7363B /* main.m */,
				283483231AE97A2500C7363B /* Supporting Files */,
			);
			path = UltraschallHubXPCService;
			sourceTree = "<group>";
		};
		283483231AE97A2500C7363B /* Supporting Files */ = {
			isa = PBXGroup;
			children = (
				283483241AE97A2500C7363B /* Info.plist */,
			);
			name = "Supporting Files";
			sourceTree = "<group>";
		};
/* End PBXGroup section */

/* Begin PBXNativeTarget section */
		2834831F1AE97A2500C7363B /* UltraschallHubXPCService */ = {
			isa = PBXNativeTarget;
			buildConfigurationList = 2834832D1AE97A2500C7363B /* Build configuration list for PBXNativeTarget "UltraschallHubXPCService" */;
			buildPhases = (
				2834831C1AE97A2500C7363B /* Sources */,
				2834831D1AE97A2500C7363B /* Frameworks */,
				2834831E1AE97A2500C7363B /* Resources */,
			);
			buildRules = (
			);
			dependencies = (
			);
			name = UltraschallHubXPCService;
			productName = UltraschallHubXPCService;
			productReference = 283483201AE97A2500C7363B /* UltraschallHubXPCService.xpc */;
			productType = "com.apple.product-type.xpc-service";
		};
/* End PBXNativeTarget section */

/* Begin PBXProject section */
		283483181AE97A2500C7363B /* Project object */ = {
			isa = PBXProject;
			attributes = {
				LastUpgradeCheck = 0630;
				ORGANIZATIONNAME = "Daniel Lindenfelser";
				TargetAttributes = {
					2834831F1AE97A2500C7363B = {
						CreatedOnToolsVersion = 6.3;
					};
				};
			};
			buildConfigurationList = 2834831B1AE97A2500C7363B /* Build configuration list for PBXProject "UltraschallHubXPCService" */;
			compatibilityVersion = "Xcode 3.2";
			developmentRegion = English;
			hasScannedForEncodings = 0;
			knownRegions = (
				en,
			);
			mainGroup = 283483171AE97A2500C7363B;
			productRefGroup = 283483211AE97A2500C7363B /* Products */;
			projectDirPath = "";
			projectRoot = "";
			targets = (
				2834831F1AE97A2500C7363B /* UltraschallHubXPCService */,
			);
		};
/* End PBXProject section */

/* Begin PBXResourcesBuildPhase section */
		2834831E1AE97A2500C7363B /* Resources */ = {
			isa = PBXResourcesBuildPhase;
			buildActionMask = 2147483647;
			files = (
			);
			runOnlyForDeploymentPostprocessing = 0;
		};
/* End PBXResourcesBuildPhase section */

/* Begin PBXSourcesBuildPhase section */
		2834831C1AE97A2500C7363B /* Sources */ = {
			isa = PBXSourcesBuildPhase;
			buildActionMask = 2147483647;
			files = (
				2834832A1AE97A2500C7363B /* main.m in Sources */,
				283483281AE97A2500C7363B /* UltraschallHubXPCService.m in Sources */,
			);
			runOnlyForDeploymentPostprocessing = 0;
		};
/* End PBXSourcesBuildPhase section */

/* Begin XCBuildConfiguration section */
		2834832B1AE97A2500C7363B /* Debug */ = {
			isa = XCBuildConfiguration;
			buildSettings = {
				ALWAYS_SEARCH_USER_PATHS = NO;
				CLANG_CXX_LANGUAGE_STANDARD = "gnu++0x";
				CLANG_CXX_LIBRARY = "libc++";
				CLANG_ENABLE_MODULES = YES;
				CLANG_ENABLE_OBJC_ARC = YES;
				CLANG_WARN_BOOL_CONVERSION = YES;
				CLANG_WARN_CONSTANT_CONVERSION = YES;
				CLANG_WARN_DIRECT_OBJC_ISA_USAGE = YES_ERROR;
				CLANG_WARN_EMPTY_BODY = YES;
				CLANG_WARN_ENUM_CONVERSION = YES;
				CLANG_WARN_INT_CONVERSION = YES;
				CLANG_WARN_OBJC_ROOT_CLASS = YES_ERROR;
				CLANG_WARN_UNREACHABLE_CODE = YES;
				CLANG_WARN__DUPLICATE_METHOD_MATCH = YES;
				COPY_PHASE_STRIP = NO;
				DEBUG_INFORMATION_FORMAT = dwarf;
				ENABLE_STRICT_OBJC_MSGSEND = YES;
				GCC_C_LANGUAGE_STANDARD = gnu99;
				GCC_DYNAMIC_NO_PIC = NO;
				GCC_NO_COMMON_BLOCKS = YES;
				GCC_OPTIMIZATION_LEVEL = 0;
				GCC_PREPROCESSOR_DEFINITIONS = (
					"DEBUG=1",
					"$(inherited)",
				);
				GCC_SYMBOLS_PRIVATE_EXTERN = NO;
				GCC_WARN_64_TO_32_BIT_CONVERSION = YES;
				GCC_WARN_ABOUT_RETURN_TYPE = YES_ERROR;
				GCC_WARN_UNDECLARED_SELECTOR = YES;
				GCC_WARN_UNINITIALIZED_AUTOS = YES_AGGRESSIVE;
				GCC_WARN_UNUSED_FUNCTION = YES;
				GCC_WARN_UNUSED_VARIABLE = YES;
				MACOSX_DEPLOYMENT_TARGET = 10.10;
				MTL_ENABLE_DEBUG_INFO = YES;
				ONLY_ACTIVE_ARCH = YES;
				SDKROOT = macosx;
			};
			name = Debug;
		};
		2834832C1AE97A2500C7363B /* Release */ = {
			isa = XCBuildConfiguration;
			buildSettings = {
				ALWAYS_SEARCH_USER_PATHS = NO;
				CLANG_CXX_LANGUAGE_STANDARD = "gnu++0x";
				CLANG_CXX_LIBRARY = "libc++";
				CLANG_ENABLE_MODULES = YES;
				CLANG_ENABLE_OBJC_ARC = YES;
				CLANG_WARN_BOOL_CONVERSION = YES;
				CLANG_WARN_CONSTANT_CONVERSION = YES;
				CLANG_WARN_DIRECT_OBJC_ISA_USAGE = YES_ERROR;
				CLANG_WARN_EMPTY_BODY = YES;
				CLANG_WARN_ENUM_CONVERSION = YES;
				CLANG_WARN_INT_CONVERSION = YES;
				CLANG_WARN_OBJC_ROOT_CLASS = YES_ERROR;
				CLANG_WARN_UNREACHABLE_CODE = YES;
				CLANG_WARN__DUPLICATE_METHOD_MATCH = YES;
				COPY_PHASE_STRIP = NO;
				DEBUG_INFORMATION_FORMAT = "dwarf-with-dsym";
				ENABLE_NS_ASSERTIONS = NO;
				ENABLE_STRICT_OBJC_MSGSEND = YES;
				GCC_C_LANGUAGE_STANDARD = gnu99;
				GCC_NO_COMMON_BLOCKS = YES;
				GCC_WARN_64_TO_32_BIT_CONVERSION = YES;
				GCC_WARN_ABOUT_RETURN_TYPE = YES_ERROR;
				GCC_WARN_UNDECLARED_SELECTOR = YES;
				GCC_WARN_UNINITIALIZED_AUTOS = YES_AGGRESSIVE;
				GCC_WARN_UNUSED_FUNCTION = YES;
				GCC_WARN_UNUSED_VARIABLE = YES;
				MACOSX_DEPLOYMENT_TARGET = 10.10;
				MTL_ENABLE_DEBUG_INFO = NO;
				SDKROOT = macosx;
			};
			name = Release;
		};
		2834832E1AE97A2500C7363B /* Debug */ = {
			isa = XCBuildConfiguration;
			buildSettings = {
				COMBINE_HIDPI_IMAGES = YES;
				INFOPLIST_FILE = UltraschallHubXPCService/Info.plist;
				PRODUCT_NAME = "$(TARGET_NAME)";
				SKIP_INSTALL = YES;
			};
			name = Debug;
		};
		2834832F1AE97A2500C7363B /* Release */ = {
			isa = XCBuildConfiguration;
			buildSettings = {
				COMBINE_HIDPI_IMAGES = YES;
				INFOPLIST_FILE = UltraschallHubXPCService/Info.plist;
				PRODUCT_NAME = "$(TARGET_NAME)";
				SKIP_INSTALL = YES;
			};
			name = Release;
		};
/* End XCBuildConfiguration section */

/* Begin XCConfigurationList section */
		2834831B1AE97A2500C7363B /* Build configuration list for PBXProject "UltraschallHubXPCService" */ = {
			isa = XCConfigurationList;
			buildConfigurations = (
				2834832B1AE97A2500C7363B /* Debug */,
				2834832C1AE97A2500C7363B /* Release */,
			);
			defaultConfigurationIsVisible = 0;
			defaultConfigurationName = Release;
		};
		2834832D1AE97A2500C7363B /* Build configuration list for PBXNativeTarget "UltraschallHubXPCService" */ = {
			isa = XCConfigurationList;
			buildConfigurations = (
				2834832E1AE97A2500C7363B /* Debug */,
				2834832F1AE97A2500C7363B /* Release */,
			);
			defaultConfigurationIsVisible = 0;
			defaultConfigurationName = Release;
		};
/* End XCConfigurationList section */
	};
	rootObject = 283483181AE97A2500C7363B /* Project object */;
}
